// !$*UTF8*$!
{
	archiveVersion = 1;
	classes = {
	};
	objectVersion = 46;
	objects = {

/* Begin PBXBuildFile section */
		14DFB70A9682CF304741E14D /* BridgeConfig.swift in Sources */ = {isa = PBXBuildFile; fileRef = 57E2014C0F66226A1F0E14F5 /* BridgeConfig.swift */; };
		1FC3EA72A67420A4A1B4A591 /* SwiftTerm in Frameworks */ = {isa = PBXBuildFile; productRef = AD59B6A1EB16B9C4B2B06E26 /* SwiftTerm */; };
		2092C16C1B219A0EA29EE43B /* SpeechRecognitionService.swift in Sources */ = {isa = PBXBuildFile; fileRef = DFEEFD2E52FD82D8F2A98918 /* SpeechRecognitionService.swift */; };
		24477773D243706DD38DEAE8 /* VoiceSessionController.swift in Sources */ = {isa = PBXBuildFile; fileRef = F57A0AAC3A4FC196546B240E /* VoiceSessionController.swift */; };
		318E5E039F0ADB789E81166B /* GeoMobileApp.swift in Sources */ = {isa = PBXBuildFile; fileRef = 2267C78C445E5DBC5813AD77 /* GeoMobileApp.swift */; };
		32A64BAB3B601A492033DC0E /* AirTheme.swift in Sources */ = {isa = PBXBuildFile; fileRef = 107BD7BCEC3E15BF3605FA2B /* AirTheme.swift */; };
		3A2549188A4A8C430BBAA8E0 /* ChatViewModel.swift in Sources */ = {isa = PBXBuildFile; fileRef = A4273E304EDA498908EEE99C /* ChatViewModel.swift */; };
		6178CC8FB3C09195FC73DD72 /* ResponseModality.swift in Sources */ = {isa = PBXBuildFile; fileRef = EEC6633D577721C108C9BE53 /* ResponseModality.swift */; };
		69CBC385D618CE9EF482ABAD /* TerminalHostView.swift in Sources */ = {isa = PBXBuildFile; fileRef = 44E3F2C615EF83086F88605C /* TerminalHostView.swift */; };
		79379BD1B860BD7460CE3D98 /* SpeechSynthesisService.swift in Sources */ = {isa = PBXBuildFile; fileRef = 54D2E8736895B690B4C2D307 /* SpeechSynthesisService.swift */; };
		7A28D36B57414DD011D60113 /* RootView.swift in Sources */ = {isa = PBXBuildFile; fileRef = A2BCF6E4D5274CD230E8E6F7 /* RootView.swift */; };
		93A94F99D62F13528ACE7BA6 /* AgentsView.swift in Sources */ = {isa = PBXBuildFile; fileRef = 95C55916C652E278BD1A5D91 /* AgentsView.swift */; };
		949CCB2BA889F13BECA4FD98 /* BridgeClient.swift in Sources */ = {isa = PBXBuildFile; fileRef = 793D0AE6B95BD2CEE0B4B4E5 /* BridgeClient.swift */; };
		A25A9CBD421CE8CAA5A4E69E /* SettingsView.swift in Sources */ = {isa = PBXBuildFile; fileRef = A8E515281211F9516F78E11C /* SettingsView.swift */; };
		B1538E5F290FF887894FC397 /* ConversationOrbView.swift in Sources */ = {isa = PBXBuildFile; fileRef = C7C1DE42E59FEBB4BC884660 /* ConversationOrbView.swift */; };
		B4E54A9B4C0C87BC64A4420E /* Foundation.framework in Frameworks */ = {isa = PBXBuildFile; fileRef = 80B9F06CA744A63570597A74 /* Foundation.framework */; };
		B4FB7038AB17421CCF2131D9 /* TerminalViewModel.swift in Sources */ = {isa = PBXBuildFile; fileRef = 229778BF3AB5D494F5267A85 /* TerminalViewModel.swift */; };
		C823B52594A8CFAA06469170 /* ChatView.swift in Sources */ = {isa = PBXBuildFile; fileRef = DA56E3A0500949E9D1AAB06A /* ChatView.swift */; };
		CE57D3E8C33432C038C6065F /* EventKitService.swift in Sources */ = {isa = PBXBuildFile; fileRef = 51AC6C1A2A97187812A70834 /* EventKitService.swift */; };
		CFAB9A51DDDE8781DB735ABA /* TodayView.swift in Sources */ = {isa = PBXBuildFile; fileRef = 872A84AADD9B55EDBD8150C0 /* TodayView.swift */; };
		D018D570E310B77AB4E559F1 /* AgentsViewModel.swift in Sources */ = {isa = PBXBuildFile; fileRef = FAEB8916C5BDB8A06208A5C9 /* AgentsViewModel.swift */; };
		DBD9CDC4686386E1DAA8CF54 /* TodayViewModel.swift in Sources */ = {isa = PBXBuildFile; fileRef = FBC8C74CECFFCCBFE02FA87A /* TodayViewModel.swift */; };
		DCF0AD879A28E11C6208F8CE /* BridgeTasksRepository.swift in Sources */ = {isa = PBXBuildFile; fileRef = 7496E3B01FDAAAD11BF3B7D7 /* BridgeTasksRepository.swift */; };
		DD2BF110675B462285DE305E /* GeoCore in Frameworks */ = {isa = PBXBuildFile; productRef = DE48A70E3C4288190BBC5214 /* GeoCore */; };
		F0347F13F5BEA58AAC5DE2EC /* DispatchModels.swift in Sources */ = {isa = PBXBuildFile; fileRef = 9C78FD6DCF4AFD315CF90324 /* DispatchModels.swift */; };
		F3390432DDDDE71A2CD5EF07 /* AudioSessionManager.swift in Sources */ = {isa = PBXBuildFile; fileRef = 0C7BF1D4917628F91FA88753 /* AudioSessionManager.swift */; };
		FD33C377BF15E6A8ECD25FC8 /* Secrets.swift in Sources */ = {isa = PBXBuildFile; fileRef = 3F2DC3C0559B1EE6505381A1 /* Secrets.swift */; };
/* End PBXBuildFile section */

/* Begin PBXFileReference section */
		0C7BF1D4917628F91FA88753 /* AudioSessionManager.swift */ = {isa = PBXFileReference; includeInIndex = 1; lastKnownFileType = sourcecode.swift; name = AudioSessionManager.swift; path = Features/Chat/AudioSessionManager.swift; sourceTree = "<group>"; };
		107BD7BCEC3E15BF3605FA2B /* AirTheme.swift */ = {isa = PBXFileReference; includeInIndex = 1; lastKnownFileType = sourcecode.swift; name = AirTheme.swift; path = Shared/AirTheme.swift; sourceTree = "<group>"; };
		2267C78C445E5DBC5813AD77 /* GeoMobileApp.swift */ = {isa = PBXFileReference; includeInIndex = 1; lastKnownFileType = sourcecode.swift; path = GeoMobileApp.swift; sourceTree = "<group>"; };
		229778BF3AB5D494F5267A85 /* TerminalViewModel.swift */ = {isa = PBXFileReference; includeInIndex = 1; lastKnownFileType = sourcecode.swift; name = TerminalViewModel.swift; path = Features/Terminal/TerminalViewModel.swift; sourceTree = "<group>"; };
		3F2DC3C0559B1EE6505381A1 /* Secrets.swift */ = {isa = PBXFileReference; includeInIndex = 1; lastKnownFileType = sourcecode.swift; name = Secrets.swift; path = Shared/Secrets.swift; sourceTree = "<group>"; };
		4394F0D954C9AF007039E738 /* GeoMobile.app */ = {isa = PBXFileReference; explicitFileType = wrapper.application; includeInIndex = 0; path = GeoMobile.app; sourceTree = BUILT_PRODUCTS_DIR; };
		44E3F2C615EF83086F88605C /* TerminalHostView.swift */ = {isa = PBXFileReference; includeInIndex = 1; lastKnownFileType = sourcecode.swift; name = TerminalHostView.swift; path = Features/Terminal/TerminalHostView.swift; sourceTree = "<group>"; };
		51AC6C1A2A97187812A70834 /* EventKitService.swift */ = {isa = PBXFileReference; includeInIndex = 1; lastKnownFileType = sourcecode.swift; name = EventKitService.swift; path = Services/EventKitService.swift; sourceTree = "<group>"; };
		54D2E8736895B690B4C2D307 /* SpeechSynthesisService.swift */ = {isa = PBXFileReference; includeInIndex = 1; lastKnownFileType = sourcecode.swift; name = SpeechSynthesisService.swift; path = Features/Chat/SpeechSynthesisService.swift; sourceTree = "<group>"; };
		57E2014C0F66226A1F0E14F5 /* BridgeConfig.swift */ = {isa = PBXFileReference; includeInIndex = 1; lastKnownFileType = sourcecode.swift; name = BridgeConfig.swift; path = Services/BridgeConfig.swift; sourceTree = "<group>"; };
		7496E3B01FDAAAD11BF3B7D7 /* BridgeTasksRepository.swift */ = {isa = PBXFileReference; includeInIndex = 1; lastKnownFileType = sourcecode.swift; name = BridgeTasksRepository.swift; path = Services/BridgeTasksRepository.swift; sourceTree = "<group>"; };
		793D0AE6B95BD2CEE0B4B4E5 /* BridgeClient.swift */ = {isa = PBXFileReference; includeInIndex = 1; lastKnownFileType = sourcecode.swift; name = BridgeClient.swift; path = Services/BridgeClient.swift; sourceTree = "<group>"; };
		80B9F06CA744A63570597A74 /* Foundation.framework */ = {isa = PBXFileReference; lastKnownFileType = wrapper.framework; name = Foundation.framework; path = Platforms/iPhoneOS.platform/Developer/SDKs/iPhoneOS18.0.sdk/System/Library/Frameworks/Foundation.framework; sourceTree = DEVELOPER_DIR; };
		872A84AADD9B55EDBD8150C0 /* TodayView.swift */ = {isa = PBXFileReference; includeInIndex = 1; lastKnownFileType = sourcecode.swift; name = TodayView.swift; path = Features/Today/TodayView.swift; sourceTree = "<group>"; };
		95C55916C652E278BD1A5D91 /* AgentsView.swift */ = {isa = PBXFileReference; includeInIndex = 1; lastKnownFileType = sourcecode.swift; name = AgentsView.swift; path = Features/Agents/AgentsView.swift; sourceTree = "<group>"; };
		9C78FD6DCF4AFD315CF90324 /* DispatchModels.swift */ = {isa = PBXFileReference; includeInIndex = 1; lastKnownFileType = sourcecode.swift; name = DispatchModels.swift; path = Features/Agents/DispatchModels.swift; sourceTree = "<group>"; };
		A2BCF6E4D5274CD230E8E6F7 /* RootView.swift */ = {isa = PBXFileReference; includeInIndex = 1; lastKnownFileType = sourcecode.swift; path = RootView.swift; sourceTree = "<group>"; };
		A4273E304EDA498908EEE99C /* ChatViewModel.swift */ = {isa = PBXFileReference; includeInIndex = 1; lastKnownFileType = sourcecode.swift; name = ChatViewModel.swift; path = Features/Chat/ChatViewModel.swift; sourceTree = "<group>"; };
		A8E515281211F9516F78E11C /* SettingsView.swift */ = {isa = PBXFileReference; includeInIndex = 1; lastKnownFileType = sourcecode.swift; name = SettingsView.swift; path = Features/Settings/SettingsView.swift; sourceTree = "<group>"; };
		C7C1DE42E59FEBB4BC884660 /* ConversationOrbView.swift */ = {isa = PBXFileReference; includeInIndex = 1; lastKnownFileType = sourcecode.swift; name = ConversationOrbView.swift; path = Features/Chat/ConversationOrbView.swift; sourceTree = "<group>"; };
		DA56E3A0500949E9D1AAB06A /* ChatView.swift */ = {isa = PBXFileReference; includeInIndex = 1; lastKnownFileType = sourcecode.swift; name = ChatView.swift; path = Features/Chat/ChatView.swift; sourceTree = "<group>"; };
		DFEEFD2E52FD82D8F2A98918 /* SpeechRecognitionService.swift */ = {isa = PBXFileReference; includeInIndex = 1; lastKnownFileType = sourcecode.swift; name = SpeechRecognitionService.swift; path = Features/Chat/SpeechRecognitionService.swift; sourceTree = "<group>"; };
		EEC6633D577721C108C9BE53 /* ResponseModality.swift */ = {isa = PBXFileReference; includeInIndex = 1; lastKnownFileType = sourcecode.swift; name = ResponseModality.swift; path = Features/Chat/ResponseModality.swift; sourceTree = "<group>"; };
		F57A0AAC3A4FC196546B240E /* VoiceSessionController.swift */ = {isa = PBXFileReference; includeInIndex = 1; lastKnownFileType = sourcecode.swift; name = VoiceSessionController.swift; path = Features/Chat/VoiceSessionController.swift; sourceTree = "<group>"; };
		FAEB8916C5BDB8A06208A5C9 /* AgentsViewModel.swift */ = {isa = PBXFileReference; includeInIndex = 1; lastKnownFileType = sourcecode.swift; name = AgentsViewModel.swift; path = Features/Agents/AgentsViewModel.swift; sourceTree = "<group>"; };
		FBC8C74CECFFCCBFE02FA87A /* TodayViewModel.swift */ = {isa = PBXFileReference; includeInIndex = 1; lastKnownFileType = sourcecode.swift; name = TodayViewModel.swift; path = Features/Today/TodayViewModel.swift; sourceTree = "<group>"; };
/* End PBXFileReference section */

/* Begin PBXFrameworksBuildPhase section */
		85BCF05D6C6540730C8564AE /* Frameworks */ = {
			isa = PBXFrameworksBuildPhase;
			buildActionMask = 2147483647;
			files = (
				B4E54A9B4C0C87BC64A4420E /* Foundation.framework in Frameworks */,
				DD2BF110675B462285DE305E /* GeoCore in Frameworks */,
				1FC3EA72A67420A4A1B4A591 /* SwiftTerm in Frameworks */,
			);
			runOnlyForDeploymentPostprocessing = 0;
		};
/* End PBXFrameworksBuildPhase section */

/* Begin PBXGroup section */
		3B8F237BA89FAB8C2611CC12 /* Frameworks */ = {
			isa = PBXGroup;
			children = (
				4C76D2D31CD91B845400B39F /* iOS */,
			);
			name = Frameworks;
			sourceTree = "<group>";
		};
		428AF046828E5E6556804019 /* Products */ = {
			isa = PBXGroup;
			children = (
				4394F0D954C9AF007039E738 /* GeoMobile.app */,
			);
			name = Products;
			sourceTree = "<group>";
		};
		4C76D2D31CD91B845400B39F /* iOS */ = {
			isa = PBXGroup;
			children = (
				80B9F06CA744A63570597A74 /* Foundation.framework */,
			);
			name = iOS;
			sourceTree = "<group>";
		};
		9E7012CE5287040A881F6181 = {
			isa = PBXGroup;
			children = (
				428AF046828E5E6556804019 /* Products */,
				3B8F237BA89FAB8C2611CC12 /* Frameworks */,
				CA5E6C99238C9F51B43C8DF0 /* GeoMobile */,
			);
			sourceTree = "<group>";
		};
		CA5E6C99238C9F51B43C8DF0 /* GeoMobile */ = {
			isa = PBXGroup;
			children = (
				95C55916C652E278BD1A5D91 /* AgentsView.swift */,
				FAEB8916C5BDB8A06208A5C9 /* AgentsViewModel.swift */,
				9C78FD6DCF4AFD315CF90324 /* DispatchModels.swift */,
				0C7BF1D4917628F91FA88753 /* AudioSessionManager.swift */,
				DA56E3A0500949E9D1AAB06A /* ChatView.swift */,
				A4273E304EDA498908EEE99C /* ChatViewModel.swift */,
				C7C1DE42E59FEBB4BC884660 /* ConversationOrbView.swift */,
				EEC6633D577721C108C9BE53 /* ResponseModality.swift */,
				DFEEFD2E52FD82D8F2A98918 /* SpeechRecognitionService.swift */,
				54D2E8736895B690B4C2D307 /* SpeechSynthesisService.swift */,
				F57A0AAC3A4FC196546B240E /* VoiceSessionController.swift */,
				A8E515281211F9516F78E11C /* SettingsView.swift */,
				44E3F2C615EF83086F88605C /* TerminalHostView.swift */,
				229778BF3AB5D494F5267A85 /* TerminalViewModel.swift */,
				872A84AADD9B55EDBD8150C0 /* TodayView.swift */,
				FBC8C74CECFFCCBFE02FA87A /* TodayViewModel.swift */,
				2267C78C445E5DBC5813AD77 /* GeoMobileApp.swift */,
				A2BCF6E4D5274CD230E8E6F7 /* RootView.swift */,
				793D0AE6B95BD2CEE0B4B4E5 /* BridgeClient.swift */,
				57E2014C0F66226A1F0E14F5 /* BridgeConfig.swift */,
				7496E3B01FDAAAD11BF3B7D7 /* BridgeTasksRepository.swift */,
				51AC6C1A2A97187812A70834 /* EventKitService.swift */,
				107BD7BCEC3E15BF3605FA2B /* AirTheme.swift */,
				3F2DC3C0559B1EE6505381A1 /* Secrets.swift */,
			);
			name = GeoMobile;
			path = GeoMobile;
			sourceTree = "<group>";
		};
/* End PBXGroup section */

/* Begin PBXNativeTarget section */
		035BCAC2A122C79AD791FDBE /* GeoMobile */ = {
			isa = PBXNativeTarget;
			buildConfigurationList = B1F589BBB8F26B91247C03E9 /* Build configuration list for PBXNativeTarget "GeoMobile" */;
			buildPhases = (
				352CD9689B68CF0E74959AF8 /* Sources */,
				85BCF05D6C6540730C8564AE /* Frameworks */,
				ED080E4A15669122F8DD6304 /* Resources */,
			);
			buildRules = (
			);
			dependencies = (
			);
			name = GeoMobile;
			packageProductDependencies = (
				DE48A70E3C4288190BBC5214 /* GeoCore */,
				AD59B6A1EB16B9C4B2B06E26 /* SwiftTerm */,
			);
			productName = GeoMobile;
			productReference = 4394F0D954C9AF007039E738 /* GeoMobile.app */;
			productType = "com.apple.product-type.application";
		};
/* End PBXNativeTarget section */

/* Begin PBXProject section */
		188AAC0268B284C967A788B0 /* Project object */ = {
			isa = PBXProject;
			attributes = {
				LastSwiftUpdateCheck = 1600;
				LastUpgradeCheck = 1600;
			};
			buildConfigurationList = 24247EC0A2EDF919CEBAA1A0 /* Build configuration list for PBXProject "GeoMobile" */;
			compatibilityVersion = "Xcode 3.2";
			developmentRegion = en;
			hasScannedForEncodings = 0;
			knownRegions = (
				en,
				Base,
			);
			mainGroup = 9E7012CE5287040A881F6181;
			minimizedProjectReferenceProxies = 0;
			packageReferences = (
				E735C81F755F919DAC99B6CA /* XCLocalSwiftPackageReference "GeoCore" */,
				D166DD0B4A6C608586415B36 /* XCRemoteSwiftPackageReference "SwiftTerm" */,
			);
			preferredProjectObjectVersion = 77;
			productRefGroup = 428AF046828E5E6556804019 /* Products */;
			projectDirPath = "";
			projectRoot = "";
			targets = (
				035BCAC2A122C79AD791FDBE /* GeoMobile */,
			);
		};
/* End PBXProject section */

/* Begin PBXResourcesBuildPhase section */
		ED080E4A15669122F8DD6304 /* Resources */ = {
			isa = PBXResourcesBuildPhase;
			buildActionMask = 2147483647;
			files = (
			);
			runOnlyForDeploymentPostprocessing = 0;
		};
/* End PBXResourcesBuildPhase section */

/* Begin PBXSourcesBuildPhase section */
		352CD9689B68CF0E74959AF8 /* Sources */ = {
			isa = PBXSourcesBuildPhase;
			buildActionMask = 2147483647;
			files = (
				93A94F99D62F13528ACE7BA6 /* AgentsView.swift in Sources */,
				D018D570E310B77AB4E559F1 /* AgentsViewModel.swift in Sources */,
				F0347F13F5BEA58AAC5DE2EC /* DispatchModels.swift in Sources */,
				F3390432DDDDE71A2CD5EF07 /* AudioSessionManager.swift in Sources */,
				C823B52594A8CFAA06469170 /* ChatView.swift in Sources */,
				3A2549188A4A8C430BBAA8E0 /* ChatViewModel.swift in Sources */,
				B1538E5F290FF887894FC397 /* ConversationOrbView.swift in Sources */,
				6178CC8FB3C09195FC73DD72 /* ResponseModality.swift in Sources */,
				2092C16C1B219A0EA29EE43B /* SpeechRecognitionService.swift in Sources */,
				79379BD1B860BD7460CE3D98 /* SpeechSynthesisService.swift in Sources */,
				24477773D243706DD38DEAE8 /* VoiceSessionController.swift in Sources */,
				A25A9CBD421CE8CAA5A4E69E /* SettingsView.swift in Sources */,
				69CBC385D618CE9EF482ABAD /* TerminalHostView.swift in Sources */,
				B4FB7038AB17421CCF2131D9 /* TerminalViewModel.swift in Sources */,
				CFAB9A51DDDE8781DB735ABA /* TodayView.swift in Sources */,
				DBD9CDC4686386E1DAA8CF54 /* TodayViewModel.swift in Sources */,
				318E5E039F0ADB789E81166B /* GeoMobileApp.swift in Sources */,
				7A28D36B57414DD011D60113 /* RootView.swift in Sources */,
				949CCB2BA889F13BECA4FD98 /* BridgeClient.swift in Sources */,
				14DFB70A9682CF304741E14D /* BridgeConfig.swift in Sources */,
				DCF0AD879A28E11C6208F8CE /* BridgeTasksRepository.swift in Sources */,
				CE57D3E8C33432C038C6065F /* EventKitService.swift in Sources */,
				32A64BAB3B601A492033DC0E /* AirTheme.swift in Sources */,
				FD33C377BF15E6A8ECD25FC8 /* Secrets.swift in Sources */,
			);
			runOnlyForDeploymentPostprocessing = 0;
		};
/* End PBXSourcesBuildPhase section */

/* Begin XCBuildConfiguration section */
		0BF6D66C095FFEB4CCF33958 /* Release */ = {
			isa = XCBuildConfiguration;
			buildSettings = {
				ASSETCATALOG_COMPILER_APPICON_NAME = AppIcon;
				ASSETCATALOG_COMPILER_GLOBAL_ACCENT_COLOR_NAME = AccentColor;
				CLANG_ENABLE_OBJC_WEAK = NO;
				CODE_SIGN_STYLE = Automatic;
				DEVELOPMENT_TEAM = "";
				ENABLE_PREVIEWS = YES;
				GENERATE_INFOPLIST_FILE = YES;
				INFOPLIST_FILE = GeoMobile/Info.plist;
				INFOPLIST_KEY_NSCalendarsFullAccessUsageDescription = "Geo shows your calendar events in the day agenda.";
				INFOPLIST_KEY_NSMicrophoneUsageDescription = "Geo uses the microphone for voice messages in chat.";
				INFOPLIST_KEY_NSRemindersFullAccessUsageDescription = "Geo reads and completes the reminders your Mac mirrors here.";
				INFOPLIST_KEY_NSSpeechRecognitionUsageDescription = "Geo transcribes your voice messages on device.";
				INFOPLIST_KEY_UIApplicationSceneManifest_Generation = YES;
				INFOPLIST_KEY_UILaunchScreen_Generation = YES;
				INFOPLIST_KEY_UISupportedInterfaceOrientations = "UIInterfaceOrientationPortrait UIInterfaceOrientationLandscapeLeft UIInterfaceOrientationLandscapeRight";
				IPHONEOS_DEPLOYMENT_TARGET = 17.0;
				LD_RUNPATH_SEARCH_PATHS = "$(inherited) @executable_path/Frameworks";
				PRODUCT_BUNDLE_IDENTIFIER = com.gabrielmendonca.geomobile;
				PRODUCT_NAME = "$(TARGET_NAME)";
				SDKROOT = iphoneos;
				SWIFT_VERSION = 5.9;
				TARGETED_DEVICE_FAMILY = 1;
				VALIDATE_PRODUCT = YES;
			};
			name = Release;
		};
		64D9028C93EFC1587509B67D /* Release */ = {
			isa = XCBuildConfiguration;
			buildSettings = {
				ALWAYS_SEARCH_USER_PATHS = NO;
				CLANG_ANALYZER_NONNULL = YES;
				CLANG_ANALYZER_NUMBER_OBJECT_CONVERSION = YES_AGGRESSIVE;
				CLANG_CXX_LANGUAGE_STANDARD = "gnu++14";
				CLANG_CXX_LIBRARY = "libc++";
				CLANG_ENABLE_MODULES = YES;
				CLANG_ENABLE_OBJC_ARC = YES;
				CLANG_ENABLE_OBJC_WEAK = YES;
				CLANG_WARN_BLOCK_CAPTURE_AUTORELEASING = YES;
				CLANG_WARN_BOOL_CONVERSION = YES;
				CLANG_WARN_COMMA = YES;
				CLANG_WARN_CONSTANT_CONVERSION = YES;
				CLANG_WARN_DEPRECATED_OBJC_IMPLEMENTATIONS = YES;
				CLANG_WARN_DIRECT_OBJC_ISA_USAGE = YES_ERROR;
				CLANG_WARN_DOCUMENTATION_COMMENTS = YES;
				CLANG_WARN_EMPTY_BODY = YES;
				CLANG_WARN_ENUM_CONVERSION = YES;
				CLANG_WARN_INFINITE_RECURSION = YES;
				CLANG_WARN_INT_CONVERSION = YES;
				CLANG_WARN_NON_LITERAL_NULL_CONVERSION = YES;
				CLANG_WARN_OBJC_IMPLICIT_RETAIN_SELF = YES;
				CLANG_WARN_OBJC_LITERAL_CONVERSION = YES;
				CLANG_WARN_OBJC_ROOT_CLASS = YES_ERROR;
				CLANG_WARN_QUOTED_INCLUDE_IN_FRAMEWORK_HEADER = YES;
				CLANG_WARN_RANGE_LOOP_ANALYSIS = YES;
				CLANG_WARN_STRICT_PROTOTYPES = YES;
				CLANG_WARN_SUSPICIOUS_MOVE = YES;
				CLANG_WARN_UNGUARDED_AVAILABILITY = YES_AGGRESSIVE;
				CLANG_WARN_UNREACHABLE_CODE = YES;
				CLANG_WARN__DUPLICATE_METHOD_MATCH = YES;
				COPY_PHASE_STRIP = NO;
				DEBUG_INFORMATION_FORMAT = "dwarf-with-dsym";
				ENABLE_NS_ASSERTIONS = NO;
				ENABLE_STRICT_OBJC_MSGSEND = YES;
				GCC_C_LANGUAGE_STANDARD = gnu11;
				GCC_NO_COMMON_BLOCKS = YES;
				GCC_WARN_64_TO_32_BIT_CONVERSION = YES;
				GCC_WARN_ABOUT_RETURN_TYPE = YES_ERROR;
				GCC_WARN_UNDECLARED_SELECTOR = YES;
				GCC_WARN_UNINITIALIZED_AUTOS = YES_AGGRESSIVE;
				GCC_WARN_UNUSED_FUNCTION = YES;
				GCC_WARN_UNUSED_VARIABLE = YES;
				MTL_ENABLE_DEBUG_INFO = NO;
				MTL_FAST_MATH = YES;
				PRODUCT_NAME = "$(TARGET_NAME)";
				SWIFT_COMPILATION_MODE = wholemodule;
				SWIFT_OPTIMIZATION_LEVEL = "-O";
				SWIFT_VERSION = 5.0;
			};
			name = Release;
		};
		970A838BA3CF0407CF224EB0 /* Debug */ = {
			isa = XCBuildConfiguration;
			buildSettings = {
				ASSETCATALOG_COMPILER_APPICON_NAME = AppIcon;
				ASSETCATALOG_COMPILER_GLOBAL_ACCENT_COLOR_NAME = AccentColor;
				CLANG_ENABLE_OBJC_WEAK = NO;
				CODE_SIGN_STYLE = Automatic;
				DEVELOPMENT_TEAM = "";
				ENABLE_PREVIEWS = YES;
				GENERATE_INFOPLIST_FILE = YES;
				INFOPLIST_FILE = GeoMobile/Info.plist;
				INFOPLIST_KEY_NSCalendarsFullAccessUsageDescription = "Geo shows your calendar events in the day agenda.";
				INFOPLIST_KEY_NSMicrophoneUsageDescription = "Geo uses the microphone for voice messages in chat.";
				INFOPLIST_KEY_NSRemindersFullAccessUsageDescription = "Geo reads and completes the reminders your Mac mirrors here.";
				INFOPLIST_KEY_NSSpeechRecognitionUsageDescription = "Geo transcribes your voice messages on device.";
				INFOPLIST_KEY_UIApplicationSceneManifest_Generation = YES;
				INFOPLIST_KEY_UILaunchScreen_Generation = YES;
				INFOPLIST_KEY_UISupportedInterfaceOrientations = "UIInterfaceOrientationPortrait UIInterfaceOrientationLandscapeLeft UIInterfaceOrientationLandscapeRight";
				IPHONEOS_DEPLOYMENT_TARGET = 17.0;
				LD_RUNPATH_SEARCH_PATHS = "$(inherited) @executable_path/Frameworks";
				PRODUCT_BUNDLE_IDENTIFIER = com.gabrielmendonca.geomobile;
				PRODUCT_NAME = "$(TARGET_NAME)";
				SDKROOT = iphoneos;
				SWIFT_VERSION = 5.9;
				TARGETED_DEVICE_FAMILY = 1;
			};
			name = Debug;
		};
		F0D27A5D30BF87786EF87806 /* Debug */ = {
			isa = XCBuildConfiguration;
			buildSettings = {
				ALWAYS_SEARCH_USER_PATHS = NO;
				CLANG_ANALYZER_NONNULL = YES;
				CLANG_ANALYZER_NUMBER_OBJECT_CONVERSION = YES_AGGRESSIVE;
				CLANG_CXX_LANGUAGE_STANDARD = "gnu++14";
				CLANG_CXX_LIBRARY = "libc++";
				CLANG_ENABLE_MODULES = YES;
				CLANG_ENABLE_OBJC_ARC = YES;
				CLANG_ENABLE_OBJC_WEAK = YES;
				CLANG_WARN_BLOCK_CAPTURE_AUTORELEASING = YES;
				CLANG_WARN_BOOL_CONVERSION = YES;
				CLANG_WARN_COMMA = YES;
				CLANG_WARN_CONSTANT_CONVERSION = YES;
				CLANG_WARN_DEPRECATED_OBJC_IMPLEMENTATIONS = YES;
				CLANG_WARN_DIRECT_OBJC_ISA_USAGE = YES_ERROR;
				CLANG_WARN_DOCUMENTATION_COMMENTS = YES;
				CLANG_WARN_EMPTY_BODY = YES;
				CLANG_WARN_ENUM_CONVERSION = YES;
				CLANG_WARN_INFINITE_RECURSION = YES;
				CLANG_WARN_INT_CONVERSION = YES;
				CLANG_WARN_NON_LITERAL_NULL_CONVERSION = YES;
				CLANG_WARN_OBJC_IMPLICIT_RETAIN_SELF = YES;
				CLANG_WARN_OBJC_LITERAL_CONVERSION = YES;
				CLANG_WARN_OBJC_ROOT_CLASS = YES_ERROR;
				CLANG_WARN_QUOTED_INCLUDE_IN_FRAMEWORK_HEADER = YES;
				CLANG_WARN_RANGE_LOOP_ANALYSIS = YES;
				CLANG_WARN_STRICT_PROTOTYPES = YES;
				CLANG_WARN_SUSPICIOUS_MOVE = YES;
				CLANG_WARN_UNGUARDED_AVAILABILITY = YES_AGGRESSIVE;
				CLANG_WARN_UNREACHABLE_CODE = YES;
				CLANG_WARN__DUPLICATE_METHOD_MATCH = YES;
				COPY_PHASE_STRIP = NO;
				DEBUG_INFORMATION_FORMAT = dwarf;
				ENABLE_STRICT_OBJC_MSGSEND = YES;
				ENABLE_TESTABILITY = YES;
				GCC_C_LANGUAGE_STANDARD = gnu11;
				GCC_DYNAMIC_NO_PIC = NO;
				GCC_NO_COMMON_BLOCKS = YES;
				GCC_OPTIMIZATION_LEVEL = 0;
				GCC_PREPROCESSOR_DEFINITIONS = (
					"DEBUG=1",
					"$(inherited)",
				);
				GCC_WARN_64_TO_32_BIT_CONVERSION = YES;
				GCC_WARN_ABOUT_RETURN_TYPE = YES_ERROR;
				GCC_WARN_UNDECLARED_SELECTOR = YES;
				GCC_WARN_UNINITIALIZED_AUTOS = YES_AGGRESSIVE;
				GCC_WARN_UNUSED_FUNCTION = YES;
				GCC_WARN_UNUSED_VARIABLE = YES;
				MTL_ENABLE_DEBUG_INFO = INCLUDE_SOURCE;
				MTL_FAST_MATH = YES;
				ONLY_ACTIVE_ARCH = YES;
				PRODUCT_NAME = "$(TARGET_NAME)";
				SWIFT_ACTIVE_COMPILATION_CONDITIONS = DEBUG;
				SWIFT_OPTIMIZATION_LEVEL = "-Onone";
				SWIFT_VERSION = 5.0;
			};
			name = Debug;
		};
/* End XCBuildConfiguration section */

/* Begin XCConfigurationList section */
		24247EC0A2EDF919CEBAA1A0 /* Build configuration list for PBXProject "GeoMobile" */ = {
			isa = XCConfigurationList;
			buildConfigurations = (
				F0D27A5D30BF87786EF87806 /* Debug */,
				64D9028C93EFC1587509B67D /* Release */,
			);
			defaultConfigurationIsVisible = 0;
			defaultConfigurationName = Release;
		};
		B1F589BBB8F26B91247C03E9 /* Build configuration list for PBXNativeTarget "GeoMobile" */ = {
			isa = XCConfigurationList;
			buildConfigurations = (
				0BF6D66C095FFEB4CCF33958 /* Release */,
				970A838BA3CF0407CF224EB0 /* Debug */,
			);
			defaultConfigurationIsVisible = 0;
			defaultConfigurationName = Release;
		};
/* End XCConfigurationList section */

/* Begin XCLocalSwiftPackageReference section */
		E735C81F755F919DAC99B6CA /* XCLocalSwiftPackageReference "GeoCore" */ = {
			isa = XCLocalSwiftPackageReference;
			relativePath = ../GeoCore;
		};
/* End XCLocalSwiftPackageReference section */

/* Begin XCRemoteSwiftPackageReference section */
		D166DD0B4A6C608586415B36 /* XCRemoteSwiftPackageReference "SwiftTerm" */ = {
			isa = XCRemoteSwiftPackageReference;
			repositoryURL = "https://github.com/migueldeicaza/SwiftTerm";
			requirement = {
				kind = upToNextMajorVersion;
				minimumVersion = 1.13.0;
			};
		};
/* End XCRemoteSwiftPackageReference section */

/* Begin XCSwiftPackageProductDependency section */
		AD59B6A1EB16B9C4B2B06E26 /* SwiftTerm */ = {
			isa = XCSwiftPackageProductDependency;
			package = D166DD0B4A6C608586415B36 /* XCRemoteSwiftPackageReference "SwiftTerm" */;
			productName = SwiftTerm;
		};
		DE48A70E3C4288190BBC5214 /* GeoCore */ = {
			isa = XCSwiftPackageProductDependency;
			package = E735C81F755F919DAC99B6CA /* XCLocalSwiftPackageReference "GeoCore" */;
			productName = GeoCore;
		};
/* End XCSwiftPackageProductDependency section */
	};
	rootObject = 188AAC0268B284C967A788B0 /* Project object */;
}
