// !$*UTF8*$!
{
	archiveVersion = 1;
	classes = {
	};
	objectVersion = 46;
	objects = {

/* Begin PBXBuildFile section */
		02D3213DFD113E1AF2A47C9C /* SettingsView.swift in Sources */ = {isa = PBXBuildFile; fileRef = 4ABF831C36268DC3E578F557 /* SettingsView.swift */; };
		0316BCEDD967EBFAECD0D3D8 /* AgentChatMarkdownTests.swift in Sources */ = {isa = PBXBuildFile; fileRef = 476673DF4C8C898579BFD3F1 /* AgentChatMarkdownTests.swift */; };
		03D202C8F599CC360D38A49F /* AgentChatTests.swift in Sources */ = {isa = PBXBuildFile; fileRef = 467C078928AC210DDC6F4CF9 /* AgentChatTests.swift */; };
		03EBB9DDCE0BEBEE618BF509 /* AgentWorkTests.swift in Sources */ = {isa = PBXBuildFile; fileRef = 812572FEC7D568BED762B319 /* AgentWorkTests.swift */; };
		0682074D68B35F5EF10F3862 /* AgentComposer.swift in Sources */ = {isa = PBXBuildFile; fileRef = 93DA265CB3170DCE8B1343AC /* AgentComposer.swift */; };
		0D170057286B2641D314B69E /* Foundation.framework in Frameworks */ = {isa = PBXBuildFile; fileRef = 5E8BCC0F853CF86C70D138A4 /* Foundation.framework */; };
		12C9F4748FB27B1C910DFED6 /* AgentHomeTests.swift in Sources */ = {isa = PBXBuildFile; fileRef = C6ADF12D49943BF100CC079D /* AgentHomeTests.swift */; };
		1426C281B91BFD88AA3BC20E /* BodyPaths.swift in Sources */ = {isa = PBXBuildFile; fileRef = 138544BC368375F8F18500B9 /* BodyPaths.swift */; };
		14D2BC478F6C5C2A48544FD0 /* BridgeTasksDecodingTests.swift in Sources */ = {isa = PBXBuildFile; fileRef = 143F407F22B44B16CD770AFE /* BridgeTasksDecodingTests.swift */; };
		15B053760BD102AFD9330EBA /* GarimeApp.swift in Sources */ = {isa = PBXBuildFile; fileRef = 41D38D114CCE8C628AAE3E6C /* GarimeApp.swift */; };
		235D00211694C27933FC8D85 /* StatusIndicatorTests.swift in Sources */ = {isa = PBXBuildFile; fileRef = CFA1EC9B02511E450603D958 /* StatusIndicatorTests.swift */; };
		24D1D4C58E99CA11332AC6B1 /* ComposerShotsUITests.swift in Sources */ = {isa = PBXBuildFile; fileRef = 504030C27F1CEBDB00BE1B6E /* ComposerShotsUITests.swift */; };
		25CB7B57978CC8CA1613E73E /* TerminalRulesTests.swift in Sources */ = {isa = PBXBuildFile; fileRef = 82945ADF09F50271F9F20F95 /* TerminalRulesTests.swift */; };
		297731E8750584ABAFAAB61D /* EventKitService.swift in Sources */ = {isa = PBXBuildFile; fileRef = EB41B1A546E345F51D156056 /* EventKitService.swift */; };
		2A78D8A6A493D31729E647F0 /* TerminalHostView.swift in Sources */ = {isa = PBXBuildFile; fileRef = 0D6359FF8CAF8B0B2773AA9D /* TerminalHostView.swift */; };
		2C524BC8D91F7D300F2AB0D6 /* SwiftTerm in Frameworks */ = {isa = PBXBuildFile; productRef = A87B23D35747619C792EDEFA /* SwiftTerm */; };
		2F5956E4FFF0D7D638B8A021 /* SessionsHomeKillTests.swift in Sources */ = {isa = PBXBuildFile; fileRef = F849B8CC87AE522F05E3346E /* SessionsHomeKillTests.swift */; };
		30648A6BBE262DA056F358EE /* AgentTargetRefTests.swift in Sources */ = {isa = PBXBuildFile; fileRef = 17C75C5590AE5E6D0D7CE7D7 /* AgentTargetRefTests.swift */; };
		3151790829466A4392D1ACF5 /* AirTheme.swift in Sources */ = {isa = PBXBuildFile; fileRef = D3E79B45A3697FA7E5C1CE9E /* AirTheme.swift */; };
		38B5F0F69615F2D2C5F8BCD1 /* TerminalGesturesUITests.swift in Sources */ = {isa = PBXBuildFile; fileRef = D5EB3E1410070AF8FFAC4E7D /* TerminalGesturesUITests.swift */; };
		3B1056E60BABA320E064AD9D /* Foundation.framework in Frameworks */ = {isa = PBXBuildFile; fileRef = 5E8BCC0F853CF86C70D138A4 /* Foundation.framework */; };
		3D2E2FF11FF6DB626D55CCD5 /* Assets.xcassets in Resources */ = {isa = PBXBuildFile; fileRef = 59CC38C2DA2A3C6417608910 /* Assets.xcassets */; };
		3E40FDD99ABC6AD1B43ED3ED /* KillShotUITests.swift in Sources */ = {isa = PBXBuildFile; fileRef = E900289EFA7CED030BB93E62 /* KillShotUITests.swift */; };
		48EFF9424E583F3AB3875B54 /* WeekStripView.swift in Sources */ = {isa = PBXBuildFile; fileRef = B4990FB000175CD6197D98C5 /* WeekStripView.swift */; };
		4CEDE04C7AE34F3B0F6FB958 /* RootView.swift in Sources */ = {isa = PBXBuildFile; fileRef = 5996B7C174D1482E7BC4DCF6 /* RootView.swift */; };
		4ED6D842CFBAEE0F1EF720A6 /* GeoCore in Frameworks */ = {isa = PBXBuildFile; productRef = 44F662D1F6BB045F5C795E3C /* GeoCore */; };
		50BF64176E7D9F0A77627497 /* AgentChatView.swift in Sources */ = {isa = PBXBuildFile; fileRef = F49EEA7F36729DAD545420A0 /* AgentChatView.swift */; };
		54A72B6FF71F37B5F9255ACD /* AgentComposerTests.swift in Sources */ = {isa = PBXBuildFile; fileRef = 755F34C03F8B769C742B321F /* AgentComposerTests.swift */; };
		54F285EB34046778CE48F973 /* HealthViewModel.swift in Sources */ = {isa = PBXBuildFile; fileRef = 8280F92589A348456B42BE92 /* HealthViewModel.swift */; };
		55B7B8CFF6CC56018DBCA80D /* SVGPath.swift in Sources */ = {isa = PBXBuildFile; fileRef = 72116089380BFAC3FA81287E /* SVGPath.swift */; };
		59EC0A1300B6CFF7DB18F084 /* NewTaskSheet.swift in Sources */ = {isa = PBXBuildFile; fileRef = F54178A01A4AD5BBA466AA67 /* NewTaskSheet.swift */; };
		5B0B9708A25D3346B4008CC4 /* CameraCaptureView.swift in Sources */ = {isa = PBXBuildFile; fileRef = FC1282EE62DAE650FCB4256E /* CameraCaptureView.swift */; };
		5CD465754AE46B633767D63B /* MonthGridView.swift in Sources */ = {isa = PBXBuildFile; fileRef = 5BB110D6332EEA5E87BFEB14 /* MonthGridView.swift */; };
		61C5DB66894040057C4FAC0E /* TermAgentsDecodingTests.swift in Sources */ = {isa = PBXBuildFile; fileRef = F4EF9C6787F22A0F07B2D819 /* TermAgentsDecodingTests.swift */; };
		63ACEBD8E5E9287BF4182097 /* ServiceStatusViewModel.swift in Sources */ = {isa = PBXBuildFile; fileRef = 8D4FB12368B5A6E084E77C80 /* ServiceStatusViewModel.swift */; };
		664DE7FA94896557B2888E99 /* AgentWork.swift in Sources */ = {isa = PBXBuildFile; fileRef = 7E587135480EF395710BDA26 /* AgentWork.swift */; };
		6766D14480BB6246142C3735 /* SessionsHomeView.swift in Sources */ = {isa = PBXBuildFile; fileRef = B5B874CF5C5C5D8A6D388F6E /* SessionsHomeView.swift */; };
		67D5F854E37CECBE3431F56F /* TodayView.swift in Sources */ = {isa = PBXBuildFile; fileRef = B9CD94A6677CAE56473C6145 /* TodayView.swift */; };
		7B3A27784F96CC4E29A82344 /* Secrets.swift in Sources */ = {isa = PBXBuildFile; fileRef = 5824B4478A20B77B1C2BABCF /* Secrets.swift */; };
		7BAC8D53CBB40770BA31547C /* SessionsHomeRefreshTests.swift in Sources */ = {isa = PBXBuildFile; fileRef = FBC99E60C89C84FE4E41D294 /* SessionsHomeRefreshTests.swift */; };
		7C10EB5C5E61494EB59D3E4D /* SessionsSheet.swift in Sources */ = {isa = PBXBuildFile; fileRef = 938559CF7B2C38759BD8F6FE /* SessionsSheet.swift */; };
		7EAE4DA84856D276FB9EA57B /* StartAgentShotUITests.swift in Sources */ = {isa = PBXBuildFile; fileRef = 1A4F85D28CD16BF8492EE966 /* StartAgentShotUITests.swift */; };
		8424CF1CB658CEA095BE3DC5 /* Foundation.framework in Frameworks */ = {isa = PBXBuildFile; fileRef = 5E8BCC0F853CF86C70D138A4 /* Foundation.framework */; };
		8A2A305F2D02F59522A9448E /* SnipsView.swift in Sources */ = {isa = PBXBuildFile; fileRef = 06A038482BE4E00DB6076C05 /* SnipsView.swift */; };
		8DB79C3F2CBCCD4463D3E2D2 /* BridgeTasksRepository.swift in Sources */ = {isa = PBXBuildFile; fileRef = E7930B8DFFCDC48E8EDCB093 /* BridgeTasksRepository.swift */; };
		97E1FAD8FABF341BA087650B /* SmartKeysView.swift in Sources */ = {isa = PBXBuildFile; fileRef = E927837752A5535F8E2D6F67 /* SmartKeysView.swift */; };
		9C6021DC4EE861CE7EA9E41C /* GarimeCalendarMirrorService.swift in Sources */ = {isa = PBXBuildFile; fileRef = 724C4268C93094EB8E1A28A1 /* GarimeCalendarMirrorService.swift */; };
		A131533652C49660C916E349 /* BridgeEndpointTests.swift in Sources */ = {isa = PBXBuildFile; fileRef = 1069F7FB15EFC61E3BFAC81F /* BridgeEndpointTests.swift */; };
		B091EA9D579C8213C739D74C /* BridgeClient.swift in Sources */ = {isa = PBXBuildFile; fileRef = 69695B693CE1059470FE33C3 /* BridgeClient.swift */; };
		BD521BCF83A1B5FF14A7A199 /* BodyMapView.swift in Sources */ = {isa = PBXBuildFile; fileRef = 3402B8AA26B114E3F5C91521 /* BodyMapView.swift */; };
		BF68D507D23BFC26BBAF4BCC /* HealthView.swift in Sources */ = {isa = PBXBuildFile; fileRef = D27A78EFF5BAB0DBF3A5DC85 /* HealthView.swift */; };
		BF9DBDBB7DE48D4A329945B2 /* TasksCache.swift in Sources */ = {isa = PBXBuildFile; fileRef = A6567A72E47CECFE553858DB /* TasksCache.swift */; };
		C1E67CF9A5B280E0C1309C76 /* SettingsViewModel.swift in Sources */ = {isa = PBXBuildFile; fileRef = A6D7B2800A43159579DA158C /* SettingsViewModel.swift */; };
		C2D812D80FC361AAFD5185AD /* StatusIndicator.swift in Sources */ = {isa = PBXBuildFile; fileRef = C3C24085196C502CD25B0C92 /* StatusIndicator.swift */; };
		C8DCE1DAEEA537616E9B1353 /* BridgeEndpoint.swift in Sources */ = {isa = PBXBuildFile; fileRef = 21C49359E2A298439FC16F8E /* BridgeEndpoint.swift */; };
		C941658A3D51316FE95B28FB /* TerminalScreen.swift in Sources */ = {isa = PBXBuildFile; fileRef = 416B2627FF7A203795106B77 /* TerminalScreen.swift */; };
		CA790A41E6DD5859E1BAA8F5 /* SSEClient.swift in Sources */ = {isa = PBXBuildFile; fileRef = E9ABC86FC693EEF845DF2E48 /* SSEClient.swift */; };
		D793987CEFCA1144D93BB531 /* BridgeConfig.swift in Sources */ = {isa = PBXBuildFile; fileRef = 02FD157364147049E2E36BB1 /* BridgeConfig.swift */; };
		D98918BBC53990A166796D2B /* OnboardingSheet.swift in Sources */ = {isa = PBXBuildFile; fileRef = 49E893F78C6AEF0404AFA590 /* OnboardingSheet.swift */; };
		E25A9B77D1726F722FEE7037 /* AgentHomeView.swift in Sources */ = {isa = PBXBuildFile; fileRef = A0E259C24320292A54F67A14 /* AgentHomeView.swift */; };
		E7C90316F2FCF239A20F4AE6 /* AgentChatMarkup.swift in Sources */ = {isa = PBXBuildFile; fileRef = 67E2AC8DD1BF778854052D65 /* AgentChatMarkup.swift */; };
		EB417EE632728C99E8021AE4 /* HealthLogMergeTests.swift in Sources */ = {isa = PBXBuildFile; fileRef = 5F742E1DD3580CD3C6A75DF8 /* HealthLogMergeTests.swift */; };
		F22768412A644C04B72EBD59 /* TodayViewModel.swift in Sources */ = {isa = PBXBuildFile; fileRef = C6C4B947CCB5487E43DBBE2E /* TodayViewModel.swift */; };
		F7CDC95260C1C4C807A49973 /* GeoTerminalView.swift in Sources */ = {isa = PBXBuildFile; fileRef = 97CEC07095F68806490BDDF8 /* GeoTerminalView.swift */; };
		F8F1522E9376A1F19410831E /* ExerciseLogSheet.swift in Sources */ = {isa = PBXBuildFile; fileRef = F0AA33BFB28C58109E38A440 /* ExerciseLogSheet.swift */; };
		FB07410323BB930997FB388E /* BridgeVitalsRepository.swift in Sources */ = {isa = PBXBuildFile; fileRef = 8937706D75C1D993FBE8DF09 /* BridgeVitalsRepository.swift */; };
		FFFBE6B3C738A3833FA943A9 /* TerminalViewModel.swift in Sources */ = {isa = PBXBuildFile; fileRef = 708C2E6DF31FE143B838B3F0 /* TerminalViewModel.swift */; };
/* End PBXBuildFile section */

/* Begin PBXContainerItemProxy section */
		72B99EB16744CFA7BE0041B8 /* PBXContainerItemProxy */ = {
			isa = PBXContainerItemProxy;
			containerPortal = 9721694998C85DA88444536E /* Project object */;
			proxyType = 1;
			remoteGlobalIDString = D522A2A602AFC4B7BD29FAD1;
			remoteInfo = Garime;
		};
		81750FC6E27827FC974FB392 /* PBXContainerItemProxy */ = {
			isa = PBXContainerItemProxy;
			containerPortal = 9721694998C85DA88444536E /* Project object */;
			proxyType = 1;
			remoteGlobalIDString = D522A2A602AFC4B7BD29FAD1;
			remoteInfo = Garime;
		};
/* End PBXContainerItemProxy section */

/* Begin PBXFileReference section */
		02FD157364147049E2E36BB1 /* BridgeConfig.swift */ = {isa = PBXFileReference; includeInIndex = 1; lastKnownFileType = sourcecode.swift; name = BridgeConfig.swift; path = Services/BridgeConfig.swift; sourceTree = "<group>"; };
		06A038482BE4E00DB6076C05 /* SnipsView.swift */ = {isa = PBXFileReference; includeInIndex = 1; lastKnownFileType = sourcecode.swift; name = SnipsView.swift; path = Features/Terminal/SnipsView.swift; sourceTree = "<group>"; };
		0D6359FF8CAF8B0B2773AA9D /* TerminalHostView.swift */ = {isa = PBXFileReference; includeInIndex = 1; lastKnownFileType = sourcecode.swift; name = TerminalHostView.swift; path = Features/Terminal/TerminalHostView.swift; sourceTree = "<group>"; };
		1069F7FB15EFC61E3BFAC81F /* BridgeEndpointTests.swift */ = {isa = PBXFileReference; includeInIndex = 1; lastKnownFileType = sourcecode.swift; path = BridgeEndpointTests.swift; sourceTree = "<group>"; };
		138544BC368375F8F18500B9 /* BodyPaths.swift */ = {isa = PBXFileReference; includeInIndex = 1; lastKnownFileType = sourcecode.swift; name = BodyPaths.swift; path = Features/Health/BodyPaths.swift; sourceTree = "<group>"; };
		143F407F22B44B16CD770AFE /* BridgeTasksDecodingTests.swift */ = {isa = PBXFileReference; includeInIndex = 1; lastKnownFileType = sourcecode.swift; path = BridgeTasksDecodingTests.swift; sourceTree = "<group>"; };
		17C75C5590AE5E6D0D7CE7D7 /* AgentTargetRefTests.swift */ = {isa = PBXFileReference; includeInIndex = 1; lastKnownFileType = sourcecode.swift; path = AgentTargetRefTests.swift; sourceTree = "<group>"; };
		1A4F85D28CD16BF8492EE966 /* StartAgentShotUITests.swift */ = {isa = PBXFileReference; includeInIndex = 1; lastKnownFileType = sourcecode.swift; path = StartAgentShotUITests.swift; sourceTree = "<group>"; };
		21C49359E2A298439FC16F8E /* BridgeEndpoint.swift */ = {isa = PBXFileReference; includeInIndex = 1; lastKnownFileType = sourcecode.swift; name = BridgeEndpoint.swift; path = Services/BridgeEndpoint.swift; sourceTree = "<group>"; };
		3402B8AA26B114E3F5C91521 /* BodyMapView.swift */ = {isa = PBXFileReference; includeInIndex = 1; lastKnownFileType = sourcecode.swift; name = BodyMapView.swift; path = Features/Health/BodyMapView.swift; sourceTree = "<group>"; };
		416B2627FF7A203795106B77 /* TerminalScreen.swift */ = {isa = PBXFileReference; includeInIndex = 1; lastKnownFileType = sourcecode.swift; name = TerminalScreen.swift; path = Features/Terminal/TerminalScreen.swift; sourceTree = "<group>"; };
		41D38D114CCE8C628AAE3E6C /* GarimeApp.swift */ = {isa = PBXFileReference; includeInIndex = 1; lastKnownFileType = sourcecode.swift; path = GarimeApp.swift; sourceTree = "<group>"; };
		467C078928AC210DDC6F4CF9 /* AgentChatTests.swift */ = {isa = PBXFileReference; includeInIndex = 1; lastKnownFileType = sourcecode.swift; path = AgentChatTests.swift; sourceTree = "<group>"; };
		476673DF4C8C898579BFD3F1 /* AgentChatMarkdownTests.swift */ = {isa = PBXFileReference; includeInIndex = 1; lastKnownFileType = sourcecode.swift; path = AgentChatMarkdownTests.swift; sourceTree = "<group>"; };
		49E893F78C6AEF0404AFA590 /* OnboardingSheet.swift */ = {isa = PBXFileReference; includeInIndex = 1; lastKnownFileType = sourcecode.swift; name = OnboardingSheet.swift; path = Features/Health/OnboardingSheet.swift; sourceTree = "<group>"; };
		4ABF831C36268DC3E578F557 /* SettingsView.swift */ = {isa = PBXFileReference; includeInIndex = 1; lastKnownFileType = sourcecode.swift; name = SettingsView.swift; path = Features/Settings/SettingsView.swift; sourceTree = "<group>"; };
		504030C27F1CEBDB00BE1B6E /* ComposerShotsUITests.swift */ = {isa = PBXFileReference; includeInIndex = 1; lastKnownFileType = sourcecode.swift; path = ComposerShotsUITests.swift; sourceTree = "<group>"; };
		5824B4478A20B77B1C2BABCF /* Secrets.swift */ = {isa = PBXFileReference; includeInIndex = 1; lastKnownFileType = sourcecode.swift; name = Secrets.swift; path = Shared/Secrets.swift; sourceTree = "<group>"; };
		5996B7C174D1482E7BC4DCF6 /* RootView.swift */ = {isa = PBXFileReference; includeInIndex = 1; lastKnownFileType = sourcecode.swift; path = RootView.swift; sourceTree = "<group>"; };
		59CC38C2DA2A3C6417608910 /* Assets.xcassets */ = {isa = PBXFileReference; includeInIndex = 1; lastKnownFileType = folder.assetcatalog; path = Assets.xcassets; sourceTree = "<group>"; };
		5BB110D6332EEA5E87BFEB14 /* MonthGridView.swift */ = {isa = PBXFileReference; includeInIndex = 1; lastKnownFileType = sourcecode.swift; name = MonthGridView.swift; path = Features/Today/MonthGridView.swift; sourceTree = "<group>"; };
		5E8BCC0F853CF86C70D138A4 /* Foundation.framework */ = {isa = PBXFileReference; lastKnownFileType = wrapper.framework; name = Foundation.framework; path = Platforms/iPhoneOS.platform/Developer/SDKs/iPhoneOS18.0.sdk/System/Library/Frameworks/Foundation.framework; sourceTree = DEVELOPER_DIR; };
		5F742E1DD3580CD3C6A75DF8 /* HealthLogMergeTests.swift */ = {isa = PBXFileReference; includeInIndex = 1; lastKnownFileType = sourcecode.swift; path = HealthLogMergeTests.swift; sourceTree = "<group>"; };
		67E2AC8DD1BF778854052D65 /* AgentChatMarkup.swift */ = {isa = PBXFileReference; includeInIndex = 1; lastKnownFileType = sourcecode.swift; name = AgentChatMarkup.swift; path = Features/Terminal/AgentChatMarkup.swift; sourceTree = "<group>"; };
		69695B693CE1059470FE33C3 /* BridgeClient.swift */ = {isa = PBXFileReference; includeInIndex = 1; lastKnownFileType = sourcecode.swift; name = BridgeClient.swift; path = Services/BridgeClient.swift; sourceTree = "<group>"; };
		708C2E6DF31FE143B838B3F0 /* TerminalViewModel.swift */ = {isa = PBXFileReference; includeInIndex = 1; lastKnownFileType = sourcecode.swift; name = TerminalViewModel.swift; path = Features/Terminal/TerminalViewModel.swift; sourceTree = "<group>"; };
		72116089380BFAC3FA81287E /* SVGPath.swift */ = {isa = PBXFileReference; includeInIndex = 1; lastKnownFileType = sourcecode.swift; name = SVGPath.swift; path = Features/Health/SVGPath.swift; sourceTree = "<group>"; };
		724C4268C93094EB8E1A28A1 /* GarimeCalendarMirrorService.swift */ = {isa = PBXFileReference; includeInIndex = 1; lastKnownFileType = sourcecode.swift; name = GarimeCalendarMirrorService.swift; path = Services/GarimeCalendarMirrorService.swift; sourceTree = "<group>"; };
		73A9F727A06567CC3D54ACC5 /* GarimeTests.xctest */ = {isa = PBXFileReference; explicitFileType = wrapper.cfbundle; includeInIndex = 0; path = GarimeTests.xctest; sourceTree = BUILT_PRODUCTS_DIR; };
		755F34C03F8B769C742B321F /* AgentComposerTests.swift */ = {isa = PBXFileReference; includeInIndex = 1; lastKnownFileType = sourcecode.swift; path = AgentComposerTests.swift; sourceTree = "<group>"; };
		7E587135480EF395710BDA26 /* AgentWork.swift */ = {isa = PBXFileReference; includeInIndex = 1; lastKnownFileType = sourcecode.swift; name = AgentWork.swift; path = Features/Terminal/AgentWork.swift; sourceTree = "<group>"; };
		812572FEC7D568BED762B319 /* AgentWorkTests.swift */ = {isa = PBXFileReference; includeInIndex = 1; lastKnownFileType = sourcecode.swift; path = AgentWorkTests.swift; sourceTree = "<group>"; };
		8280F92589A348456B42BE92 /* HealthViewModel.swift */ = {isa = PBXFileReference; includeInIndex = 1; lastKnownFileType = sourcecode.swift; name = HealthViewModel.swift; path = Features/Health/HealthViewModel.swift; sourceTree = "<group>"; };
		82945ADF09F50271F9F20F95 /* TerminalRulesTests.swift */ = {isa = PBXFileReference; includeInIndex = 1; lastKnownFileType = sourcecode.swift; path = TerminalRulesTests.swift; sourceTree = "<group>"; };
		8937706D75C1D993FBE8DF09 /* BridgeVitalsRepository.swift */ = {isa = PBXFileReference; includeInIndex = 1; lastKnownFileType = sourcecode.swift; name = BridgeVitalsRepository.swift; path = Services/BridgeVitalsRepository.swift; sourceTree = "<group>"; };
		8CEC999675996CB448FC6090 /* Garime.app */ = {isa = PBXFileReference; explicitFileType = wrapper.application; includeInIndex = 0; path = Garime.app; sourceTree = BUILT_PRODUCTS_DIR; };
		8D4FB12368B5A6E084E77C80 /* ServiceStatusViewModel.swift */ = {isa = PBXFileReference; includeInIndex = 1; lastKnownFileType = sourcecode.swift; name = ServiceStatusViewModel.swift; path = Features/Settings/ServiceStatusViewModel.swift; sourceTree = "<group>"; };
		938559CF7B2C38759BD8F6FE /* SessionsSheet.swift */ = {isa = PBXFileReference; includeInIndex = 1; lastKnownFileType = sourcecode.swift; name = SessionsSheet.swift; path = Features/Terminal/SessionsSheet.swift; sourceTree = "<group>"; };
		93DA265CB3170DCE8B1343AC /* AgentComposer.swift */ = {isa = PBXFileReference; includeInIndex = 1; lastKnownFileType = sourcecode.swift; name = AgentComposer.swift; path = Features/Terminal/AgentComposer.swift; sourceTree = "<group>"; };
		97CEC07095F68806490BDDF8 /* GeoTerminalView.swift */ = {isa = PBXFileReference; includeInIndex = 1; lastKnownFileType = sourcecode.swift; name = GeoTerminalView.swift; path = Features/Terminal/GeoTerminalView.swift; sourceTree = "<group>"; };
		A0E259C24320292A54F67A14 /* AgentHomeView.swift */ = {isa = PBXFileReference; includeInIndex = 1; lastKnownFileType = sourcecode.swift; name = AgentHomeView.swift; path = Features/Terminal/AgentHomeView.swift; sourceTree = "<group>"; };
		A6567A72E47CECFE553858DB /* TasksCache.swift */ = {isa = PBXFileReference; includeInIndex = 1; lastKnownFileType = sourcecode.swift; name = TasksCache.swift; path = Services/TasksCache.swift; sourceTree = "<group>"; };
		A6D7B2800A43159579DA158C /* SettingsViewModel.swift */ = {isa = PBXFileReference; includeInIndex = 1; lastKnownFileType = sourcecode.swift; name = SettingsViewModel.swift; path = Features/Settings/SettingsViewModel.swift; sourceTree = "<group>"; };
		B4990FB000175CD6197D98C5 /* WeekStripView.swift */ = {isa = PBXFileReference; includeInIndex = 1; lastKnownFileType = sourcecode.swift; name = WeekStripView.swift; path = Features/Today/WeekStripView.swift; sourceTree = "<group>"; };
		B5B874CF5C5C5D8A6D388F6E /* SessionsHomeView.swift */ = {isa = PBXFileReference; includeInIndex = 1; lastKnownFileType = sourcecode.swift; name = SessionsHomeView.swift; path = Features/Terminal/SessionsHomeView.swift; sourceTree = "<group>"; };
		B9CD94A6677CAE56473C6145 /* TodayView.swift */ = {isa = PBXFileReference; includeInIndex = 1; lastKnownFileType = sourcecode.swift; name = TodayView.swift; path = Features/Today/TodayView.swift; sourceTree = "<group>"; };
		C3C24085196C502CD25B0C92 /* StatusIndicator.swift */ = {isa = PBXFileReference; includeInIndex = 1; lastKnownFileType = sourcecode.swift; name = StatusIndicator.swift; path = Shared/StatusIndicator.swift; sourceTree = "<group>"; };
		C6ADF12D49943BF100CC079D /* AgentHomeTests.swift */ = {isa = PBXFileReference; includeInIndex = 1; lastKnownFileType = sourcecode.swift; path = AgentHomeTests.swift; sourceTree = "<group>"; };
		C6C4B947CCB5487E43DBBE2E /* TodayViewModel.swift */ = {isa = PBXFileReference; includeInIndex = 1; lastKnownFileType = sourcecode.swift; name = TodayViewModel.swift; path = Features/Today/TodayViewModel.swift; sourceTree = "<group>"; };
		CFA1EC9B02511E450603D958 /* StatusIndicatorTests.swift */ = {isa = PBXFileReference; includeInIndex = 1; lastKnownFileType = sourcecode.swift; path = StatusIndicatorTests.swift; sourceTree = "<group>"; };
		D27A78EFF5BAB0DBF3A5DC85 /* HealthView.swift */ = {isa = PBXFileReference; includeInIndex = 1; lastKnownFileType = sourcecode.swift; name = HealthView.swift; path = Features/Health/HealthView.swift; sourceTree = "<group>"; };
		D3E79B45A3697FA7E5C1CE9E /* AirTheme.swift */ = {isa = PBXFileReference; includeInIndex = 1; lastKnownFileType = sourcecode.swift; name = AirTheme.swift; path = Shared/AirTheme.swift; sourceTree = "<group>"; };
		D5EB3E1410070AF8FFAC4E7D /* TerminalGesturesUITests.swift */ = {isa = PBXFileReference; includeInIndex = 1; lastKnownFileType = sourcecode.swift; path = TerminalGesturesUITests.swift; sourceTree = "<group>"; };
		E2E47D7172CE7B67213CDF71 /* GarimeUITests.xctest */ = {isa = PBXFileReference; explicitFileType = wrapper.cfbundle; includeInIndex = 0; path = GarimeUITests.xctest; sourceTree = BUILT_PRODUCTS_DIR; };
		E7930B8DFFCDC48E8EDCB093 /* BridgeTasksRepository.swift */ = {isa = PBXFileReference; includeInIndex = 1; lastKnownFileType = sourcecode.swift; name = BridgeTasksRepository.swift; path = Services/BridgeTasksRepository.swift; sourceTree = "<group>"; };
		E900289EFA7CED030BB93E62 /* KillShotUITests.swift */ = {isa = PBXFileReference; includeInIndex = 1; lastKnownFileType = sourcecode.swift; path = KillShotUITests.swift; sourceTree = "<group>"; };
		E927837752A5535F8E2D6F67 /* SmartKeysView.swift */ = {isa = PBXFileReference; includeInIndex = 1; lastKnownFileType = sourcecode.swift; name = SmartKeysView.swift; path = Features/Terminal/SmartKeysView.swift; sourceTree = "<group>"; };
		E9ABC86FC693EEF845DF2E48 /* SSEClient.swift */ = {isa = PBXFileReference; includeInIndex = 1; lastKnownFileType = sourcecode.swift; name = SSEClient.swift; path = Services/SSEClient.swift; sourceTree = "<group>"; };
		EB41B1A546E345F51D156056 /* EventKitService.swift */ = {isa = PBXFileReference; includeInIndex = 1; lastKnownFileType = sourcecode.swift; name = EventKitService.swift; path = Services/EventKitService.swift; sourceTree = "<group>"; };
		F0AA33BFB28C58109E38A440 /* ExerciseLogSheet.swift */ = {isa = PBXFileReference; includeInIndex = 1; lastKnownFileType = sourcecode.swift; name = ExerciseLogSheet.swift; path = Features/Health/ExerciseLogSheet.swift; sourceTree = "<group>"; };
		F49EEA7F36729DAD545420A0 /* AgentChatView.swift */ = {isa = PBXFileReference; includeInIndex = 1; lastKnownFileType = sourcecode.swift; name = AgentChatView.swift; path = Features/Terminal/AgentChatView.swift; sourceTree = "<group>"; };
		F4EF9C6787F22A0F07B2D819 /* TermAgentsDecodingTests.swift */ = {isa = PBXFileReference; includeInIndex = 1; lastKnownFileType = sourcecode.swift; path = TermAgentsDecodingTests.swift; sourceTree = "<group>"; };
		F54178A01A4AD5BBA466AA67 /* NewTaskSheet.swift */ = {isa = PBXFileReference; includeInIndex = 1; lastKnownFileType = sourcecode.swift; name = NewTaskSheet.swift; path = Features/Today/NewTaskSheet.swift; sourceTree = "<group>"; };
		F849B8CC87AE522F05E3346E /* SessionsHomeKillTests.swift */ = {isa = PBXFileReference; includeInIndex = 1; lastKnownFileType = sourcecode.swift; path = SessionsHomeKillTests.swift; sourceTree = "<group>"; };
		FBC99E60C89C84FE4E41D294 /* SessionsHomeRefreshTests.swift */ = {isa = PBXFileReference; includeInIndex = 1; lastKnownFileType = sourcecode.swift; path = SessionsHomeRefreshTests.swift; sourceTree = "<group>"; };
		FC1282EE62DAE650FCB4256E /* CameraCaptureView.swift */ = {isa = PBXFileReference; includeInIndex = 1; lastKnownFileType = sourcecode.swift; name = CameraCaptureView.swift; path = Features/Terminal/CameraCaptureView.swift; sourceTree = "<group>"; };
/* End PBXFileReference section */

/* Begin PBXFrameworksBuildPhase section */
		0F17C9603B5D5681773CBE34 /* Frameworks */ = {
			isa = PBXFrameworksBuildPhase;
			buildActionMask = 2147483647;
			files = (
				8424CF1CB658CEA095BE3DC5 /* Foundation.framework in Frameworks */,
			);
			runOnlyForDeploymentPostprocessing = 0;
		};
		26D1684D74E762E7C6D37B69 /* Frameworks */ = {
			isa = PBXFrameworksBuildPhase;
			buildActionMask = 2147483647;
			files = (
				3B1056E60BABA320E064AD9D /* Foundation.framework in Frameworks */,
			);
			runOnlyForDeploymentPostprocessing = 0;
		};
		F946161E2253C072DCCCF5EF /* Frameworks */ = {
			isa = PBXFrameworksBuildPhase;
			buildActionMask = 2147483647;
			files = (
				0D170057286B2641D314B69E /* Foundation.framework in Frameworks */,
				4ED6D842CFBAEE0F1EF720A6 /* GeoCore in Frameworks */,
				2C524BC8D91F7D300F2AB0D6 /* SwiftTerm in Frameworks */,
			);
			runOnlyForDeploymentPostprocessing = 0;
		};
/* End PBXFrameworksBuildPhase section */

/* Begin PBXGroup section */
		12DFDD51409EEE0DCD955C3E /* GarimeUITests */ = {
			isa = PBXGroup;
			children = (
				504030C27F1CEBDB00BE1B6E /* ComposerShotsUITests.swift */,
				E900289EFA7CED030BB93E62 /* KillShotUITests.swift */,
				1A4F85D28CD16BF8492EE966 /* StartAgentShotUITests.swift */,
				D5EB3E1410070AF8FFAC4E7D /* TerminalGesturesUITests.swift */,
			);
			name = GarimeUITests;
			path = GarimeUITests;
			sourceTree = "<group>";
		};
		52A9D0BDEC3FC34E20FF8E3D = {
			isa = PBXGroup;
			children = (
				AABED882DF00E0412DC0C417 /* Products */,
				76B375DF519ED69746114FAB /* Frameworks */,
				6CC46ACE35FBFCA1878E8A1C /* Garime */,
				AE9AA78F3B4EFA5A21272E3B /* GarimeTests */,
				12DFDD51409EEE0DCD955C3E /* GarimeUITests */,
			);
			sourceTree = "<group>";
		};
		6CC46ACE35FBFCA1878E8A1C /* Garime */ = {
			isa = PBXGroup;
			children = (
				3402B8AA26B114E3F5C91521 /* BodyMapView.swift */,
				138544BC368375F8F18500B9 /* BodyPaths.swift */,
				F0AA33BFB28C58109E38A440 /* ExerciseLogSheet.swift */,
				D27A78EFF5BAB0DBF3A5DC85 /* HealthView.swift */,
				8280F92589A348456B42BE92 /* HealthViewModel.swift */,
				49E893F78C6AEF0404AFA590 /* OnboardingSheet.swift */,
				72116089380BFAC3FA81287E /* SVGPath.swift */,
				8D4FB12368B5A6E084E77C80 /* ServiceStatusViewModel.swift */,
				4ABF831C36268DC3E578F557 /* SettingsView.swift */,
				A6D7B2800A43159579DA158C /* SettingsViewModel.swift */,
				67E2AC8DD1BF778854052D65 /* AgentChatMarkup.swift */,
				F49EEA7F36729DAD545420A0 /* AgentChatView.swift */,
				93DA265CB3170DCE8B1343AC /* AgentComposer.swift */,
				A0E259C24320292A54F67A14 /* AgentHomeView.swift */,
				7E587135480EF395710BDA26 /* AgentWork.swift */,
				FC1282EE62DAE650FCB4256E /* CameraCaptureView.swift */,
				97CEC07095F68806490BDDF8 /* GeoTerminalView.swift */,
				B5B874CF5C5C5D8A6D388F6E /* SessionsHomeView.swift */,
				938559CF7B2C38759BD8F6FE /* SessionsSheet.swift */,
				E927837752A5535F8E2D6F67 /* SmartKeysView.swift */,
				06A038482BE4E00DB6076C05 /* SnipsView.swift */,
				0D6359FF8CAF8B0B2773AA9D /* TerminalHostView.swift */,
				416B2627FF7A203795106B77 /* TerminalScreen.swift */,
				708C2E6DF31FE143B838B3F0 /* TerminalViewModel.swift */,
				5BB110D6332EEA5E87BFEB14 /* MonthGridView.swift */,
				F54178A01A4AD5BBA466AA67 /* NewTaskSheet.swift */,
				B9CD94A6677CAE56473C6145 /* TodayView.swift */,
				C6C4B947CCB5487E43DBBE2E /* TodayViewModel.swift */,
				B4990FB000175CD6197D98C5 /* WeekStripView.swift */,
				41D38D114CCE8C628AAE3E6C /* GarimeApp.swift */,
				5996B7C174D1482E7BC4DCF6 /* RootView.swift */,
				69695B693CE1059470FE33C3 /* BridgeClient.swift */,
				02FD157364147049E2E36BB1 /* BridgeConfig.swift */,
				21C49359E2A298439FC16F8E /* BridgeEndpoint.swift */,
				E7930B8DFFCDC48E8EDCB093 /* BridgeTasksRepository.swift */,
				8937706D75C1D993FBE8DF09 /* BridgeVitalsRepository.swift */,
				EB41B1A546E345F51D156056 /* EventKitService.swift */,
				724C4268C93094EB8E1A28A1 /* GarimeCalendarMirrorService.swift */,
				E9ABC86FC693EEF845DF2E48 /* SSEClient.swift */,
				A6567A72E47CECFE553858DB /* TasksCache.swift */,
				D3E79B45A3697FA7E5C1CE9E /* AirTheme.swift */,
				5824B4478A20B77B1C2BABCF /* Secrets.swift */,
				C3C24085196C502CD25B0C92 /* StatusIndicator.swift */,
				59CC38C2DA2A3C6417608910 /* Assets.xcassets */,
			);
			name = Garime;
			path = Garime;
			sourceTree = "<group>";
		};
		76B375DF519ED69746114FAB /* Frameworks */ = {
			isa = PBXGroup;
			children = (
				84176887C45DEC9D5B5C978A /* iOS */,
			);
			name = Frameworks;
			sourceTree = "<group>";
		};
		84176887C45DEC9D5B5C978A /* iOS */ = {
			isa = PBXGroup;
			children = (
				5E8BCC0F853CF86C70D138A4 /* Foundation.framework */,
			);
			name = iOS;
			sourceTree = "<group>";
		};
		AABED882DF00E0412DC0C417 /* Products */ = {
			isa = PBXGroup;
			children = (
				8CEC999675996CB448FC6090 /* Garime.app */,
				73A9F727A06567CC3D54ACC5 /* GarimeTests.xctest */,
				E2E47D7172CE7B67213CDF71 /* GarimeUITests.xctest */,
			);
			name = Products;
			sourceTree = "<group>";
		};
		AE9AA78F3B4EFA5A21272E3B /* GarimeTests */ = {
			isa = PBXGroup;
			children = (
				476673DF4C8C898579BFD3F1 /* AgentChatMarkdownTests.swift */,
				467C078928AC210DDC6F4CF9 /* AgentChatTests.swift */,
				755F34C03F8B769C742B321F /* AgentComposerTests.swift */,
				C6ADF12D49943BF100CC079D /* AgentHomeTests.swift */,
				17C75C5590AE5E6D0D7CE7D7 /* AgentTargetRefTests.swift */,
				812572FEC7D568BED762B319 /* AgentWorkTests.swift */,
				1069F7FB15EFC61E3BFAC81F /* BridgeEndpointTests.swift */,
				143F407F22B44B16CD770AFE /* BridgeTasksDecodingTests.swift */,
				5F742E1DD3580CD3C6A75DF8 /* HealthLogMergeTests.swift */,
				F849B8CC87AE522F05E3346E /* SessionsHomeKillTests.swift */,
				FBC99E60C89C84FE4E41D294 /* SessionsHomeRefreshTests.swift */,
				CFA1EC9B02511E450603D958 /* StatusIndicatorTests.swift */,
				F4EF9C6787F22A0F07B2D819 /* TermAgentsDecodingTests.swift */,
				82945ADF09F50271F9F20F95 /* TerminalRulesTests.swift */,
			);
			name = GarimeTests;
			path = GarimeTests;
			sourceTree = "<group>";
		};
/* End PBXGroup section */

/* Begin PBXNativeTarget section */
		45ABF0FE68EEA16EB777E869 /* GarimeTests */ = {
			isa = PBXNativeTarget;
			buildConfigurationList = AFDAE3BCE7511AC810C99732 /* Build configuration list for PBXNativeTarget "GarimeTests" */;
			buildPhases = (
				AFE8BEECF4BD0DE3FF3BB17B /* Sources */,
				26D1684D74E762E7C6D37B69 /* Frameworks */,
				8377F8F3F8AA1231B6DEB0F0 /* Resources */,
			);
			buildRules = (
			);
			dependencies = (
				F86D8FCAE57F9FB14235E260 /* PBXTargetDependency */,
			);
			name = GarimeTests;
			productName = GarimeTests;
			productReference = 73A9F727A06567CC3D54ACC5 /* GarimeTests.xctest */;
			productType = "com.apple.product-type.bundle.unit-test";
		};
		7DF83FD30053F78A5D21EF80 /* GarimeUITests */ = {
			isa = PBXNativeTarget;
			buildConfigurationList = 6D0999480F06BA1FFB8307FF /* Build configuration list for PBXNativeTarget "GarimeUITests" */;
			buildPhases = (
				EED07276B00AD9BF03722003 /* Sources */,
				0F17C9603B5D5681773CBE34 /* Frameworks */,
				BE15FB34C7F32F4C80BDCED6 /* Resources */,
			);
			buildRules = (
			);
			dependencies = (
				83A9E94EBAE37B329594A514 /* PBXTargetDependency */,
			);
			name = GarimeUITests;
			productName = GarimeUITests;
			productReference = E2E47D7172CE7B67213CDF71 /* GarimeUITests.xctest */;
			productType = "com.apple.product-type.bundle.ui-testing";
		};
		D522A2A602AFC4B7BD29FAD1 /* Garime */ = {
			isa = PBXNativeTarget;
			buildConfigurationList = 65A0EE3B935C694E3EB26B3D /* Build configuration list for PBXNativeTarget "Garime" */;
			buildPhases = (
				BD423A735E5AD41FDC3656AC /* Sources */,
				F946161E2253C072DCCCF5EF /* Frameworks */,
				668B2860224DA119AA53436F /* Resources */,
			);
			buildRules = (
			);
			dependencies = (
			);
			name = Garime;
			packageProductDependencies = (
				44F662D1F6BB045F5C795E3C /* GeoCore */,
				A87B23D35747619C792EDEFA /* SwiftTerm */,
			);
			productName = Garime;
			productReference = 8CEC999675996CB448FC6090 /* Garime.app */;
			productType = "com.apple.product-type.application";
		};
/* End PBXNativeTarget section */

/* Begin PBXProject section */
		9721694998C85DA88444536E /* Project object */ = {
			isa = PBXProject;
			attributes = {
				LastSwiftUpdateCheck = 1600;
				LastUpgradeCheck = 1600;
			};
			buildConfigurationList = B488277FC6A4A9A5FF8F0E42 /* Build configuration list for PBXProject "Garime" */;
			compatibilityVersion = "Xcode 3.2";
			developmentRegion = en;
			hasScannedForEncodings = 0;
			knownRegions = (
				en,
				Base,
			);
			mainGroup = 52A9D0BDEC3FC34E20FF8E3D;
			minimizedProjectReferenceProxies = 0;
			packageReferences = (
				C5BBCF54A2B176606E2287AB /* XCLocalSwiftPackageReference "GeoCore" */,
				B79B6F085D877889515EEFAB /* XCRemoteSwiftPackageReference "SwiftTerm" */,
			);
			preferredProjectObjectVersion = 77;
			productRefGroup = AABED882DF00E0412DC0C417 /* Products */;
			projectDirPath = "";
			projectRoot = "";
			targets = (
				D522A2A602AFC4B7BD29FAD1 /* Garime */,
				45ABF0FE68EEA16EB777E869 /* GarimeTests */,
				7DF83FD30053F78A5D21EF80 /* GarimeUITests */,
			);
		};
/* End PBXProject section */

/* Begin PBXResourcesBuildPhase section */
		668B2860224DA119AA53436F /* Resources */ = {
			isa = PBXResourcesBuildPhase;
			buildActionMask = 2147483647;
			files = (
				3D2E2FF11FF6DB626D55CCD5 /* Assets.xcassets in Resources */,
			);
			runOnlyForDeploymentPostprocessing = 0;
		};
		8377F8F3F8AA1231B6DEB0F0 /* Resources */ = {
			isa = PBXResourcesBuildPhase;
			buildActionMask = 2147483647;
			files = (
			);
			runOnlyForDeploymentPostprocessing = 0;
		};
		BE15FB34C7F32F4C80BDCED6 /* Resources */ = {
			isa = PBXResourcesBuildPhase;
			buildActionMask = 2147483647;
			files = (
			);
			runOnlyForDeploymentPostprocessing = 0;
		};
/* End PBXResourcesBuildPhase section */

/* Begin PBXSourcesBuildPhase section */
		AFE8BEECF4BD0DE3FF3BB17B /* Sources */ = {
			isa = PBXSourcesBuildPhase;
			buildActionMask = 2147483647;
			files = (
				0316BCEDD967EBFAECD0D3D8 /* AgentChatMarkdownTests.swift in Sources */,
				03D202C8F599CC360D38A49F /* AgentChatTests.swift in Sources */,
				54A72B6FF71F37B5F9255ACD /* AgentComposerTests.swift in Sources */,
				12C9F4748FB27B1C910DFED6 /* AgentHomeTests.swift in Sources */,
				30648A6BBE262DA056F358EE /* AgentTargetRefTests.swift in Sources */,
				03EBB9DDCE0BEBEE618BF509 /* AgentWorkTests.swift in Sources */,
				A131533652C49660C916E349 /* BridgeEndpointTests.swift in Sources */,
				14D2BC478F6C5C2A48544FD0 /* BridgeTasksDecodingTests.swift in Sources */,
				EB417EE632728C99E8021AE4 /* HealthLogMergeTests.swift in Sources */,
				2F5956E4FFF0D7D638B8A021 /* SessionsHomeKillTests.swift in Sources */,
				7BAC8D53CBB40770BA31547C /* SessionsHomeRefreshTests.swift in Sources */,
				235D00211694C27933FC8D85 /* StatusIndicatorTests.swift in Sources */,
				61C5DB66894040057C4FAC0E /* TermAgentsDecodingTests.swift in Sources */,
				25CB7B57978CC8CA1613E73E /* TerminalRulesTests.swift in Sources */,
			);
			runOnlyForDeploymentPostprocessing = 0;
		};
		BD423A735E5AD41FDC3656AC /* Sources */ = {
			isa = PBXSourcesBuildPhase;
			buildActionMask = 2147483647;
			files = (
				BD521BCF83A1B5FF14A7A199 /* BodyMapView.swift in Sources */,
				1426C281B91BFD88AA3BC20E /* BodyPaths.swift in Sources */,
				F8F1522E9376A1F19410831E /* ExerciseLogSheet.swift in Sources */,
				BF68D507D23BFC26BBAF4BCC /* HealthView.swift in Sources */,
				54F285EB34046778CE48F973 /* HealthViewModel.swift in Sources */,
				D98918BBC53990A166796D2B /* OnboardingSheet.swift in Sources */,
				55B7B8CFF6CC56018DBCA80D /* SVGPath.swift in Sources */,
				63ACEBD8E5E9287BF4182097 /* ServiceStatusViewModel.swift in Sources */,
				02D3213DFD113E1AF2A47C9C /* SettingsView.swift in Sources */,
				C1E67CF9A5B280E0C1309C76 /* SettingsViewModel.swift in Sources */,
				E7C90316F2FCF239A20F4AE6 /* AgentChatMarkup.swift in Sources */,
				50BF64176E7D9F0A77627497 /* AgentChatView.swift in Sources */,
				0682074D68B35F5EF10F3862 /* AgentComposer.swift in Sources */,
				E25A9B77D1726F722FEE7037 /* AgentHomeView.swift in Sources */,
				664DE7FA94896557B2888E99 /* AgentWork.swift in Sources */,
				5B0B9708A25D3346B4008CC4 /* CameraCaptureView.swift in Sources */,
				F7CDC95260C1C4C807A49973 /* GeoTerminalView.swift in Sources */,
				6766D14480BB6246142C3735 /* SessionsHomeView.swift in Sources */,
				7C10EB5C5E61494EB59D3E4D /* SessionsSheet.swift in Sources */,
				97E1FAD8FABF341BA087650B /* SmartKeysView.swift in Sources */,
				8A2A305F2D02F59522A9448E /* SnipsView.swift in Sources */,
				2A78D8A6A493D31729E647F0 /* TerminalHostView.swift in Sources */,
				C941658A3D51316FE95B28FB /* TerminalScreen.swift in Sources */,
				FFFBE6B3C738A3833FA943A9 /* TerminalViewModel.swift in Sources */,
				5CD465754AE46B633767D63B /* MonthGridView.swift in Sources */,
				59EC0A1300B6CFF7DB18F084 /* NewTaskSheet.swift in Sources */,
				67D5F854E37CECBE3431F56F /* TodayView.swift in Sources */,
				F22768412A644C04B72EBD59 /* TodayViewModel.swift in Sources */,
				48EFF9424E583F3AB3875B54 /* WeekStripView.swift in Sources */,
				15B053760BD102AFD9330EBA /* GarimeApp.swift in Sources */,
				4CEDE04C7AE34F3B0F6FB958 /* RootView.swift in Sources */,
				B091EA9D579C8213C739D74C /* BridgeClient.swift in Sources */,
				D793987CEFCA1144D93BB531 /* BridgeConfig.swift in Sources */,
				C8DCE1DAEEA537616E9B1353 /* BridgeEndpoint.swift in Sources */,
				8DB79C3F2CBCCD4463D3E2D2 /* BridgeTasksRepository.swift in Sources */,
				FB07410323BB930997FB388E /* BridgeVitalsRepository.swift in Sources */,
				297731E8750584ABAFAAB61D /* EventKitService.swift in Sources */,
				9C6021DC4EE861CE7EA9E41C /* GarimeCalendarMirrorService.swift in Sources */,
				CA790A41E6DD5859E1BAA8F5 /* SSEClient.swift in Sources */,
				BF9DBDBB7DE48D4A329945B2 /* TasksCache.swift in Sources */,
				3151790829466A4392D1ACF5 /* AirTheme.swift in Sources */,
				7B3A27784F96CC4E29A82344 /* Secrets.swift in Sources */,
				C2D812D80FC361AAFD5185AD /* StatusIndicator.swift in Sources */,
			);
			runOnlyForDeploymentPostprocessing = 0;
		};
		EED07276B00AD9BF03722003 /* Sources */ = {
			isa = PBXSourcesBuildPhase;
			buildActionMask = 2147483647;
			files = (
				24D1D4C58E99CA11332AC6B1 /* ComposerShotsUITests.swift in Sources */,
				3E40FDD99ABC6AD1B43ED3ED /* KillShotUITests.swift in Sources */,
				7EAE4DA84856D276FB9EA57B /* StartAgentShotUITests.swift in Sources */,
				38B5F0F69615F2D2C5F8BCD1 /* TerminalGesturesUITests.swift in Sources */,
			);
			runOnlyForDeploymentPostprocessing = 0;
		};
/* End PBXSourcesBuildPhase section */

/* Begin PBXTargetDependency section */
		83A9E94EBAE37B329594A514 /* PBXTargetDependency */ = {
			isa = PBXTargetDependency;
			name = Garime;
			target = D522A2A602AFC4B7BD29FAD1 /* Garime */;
			targetProxy = 81750FC6E27827FC974FB392 /* PBXContainerItemProxy */;
		};
		F86D8FCAE57F9FB14235E260 /* PBXTargetDependency */ = {
			isa = PBXTargetDependency;
			name = Garime;
			target = D522A2A602AFC4B7BD29FAD1 /* Garime */;
			targetProxy = 72B99EB16744CFA7BE0041B8 /* PBXContainerItemProxy */;
		};
/* End PBXTargetDependency section */

/* Begin XCBuildConfiguration section */
		292DC910E26E8D7DF535A3A7 /* Debug */ = {
			isa = XCBuildConfiguration;
			buildSettings = {
				ASSETCATALOG_COMPILER_APPICON_NAME = AppIcon;
				ASSETCATALOG_COMPILER_GLOBAL_ACCENT_COLOR_NAME = AccentColor;
				CLANG_ENABLE_OBJC_WEAK = NO;
				CODE_SIGN_STYLE = Automatic;
				DEVELOPMENT_TEAM = 6RRNRWCXSD;
				ENABLE_PREVIEWS = YES;
				GENERATE_INFOPLIST_FILE = YES;
				INFOPLIST_FILE = Garime/Info.plist;
				INFOPLIST_KEY_CFBundleDisplayName = garime;
				INFOPLIST_KEY_NSCalendarsFullAccessUsageDescription = "Geo shows your calendar events in the day agenda.";
				INFOPLIST_KEY_NSCameraUsageDescription = "O garime usa a câmera para você fotografar e mandar pro agente.";
				INFOPLIST_KEY_NSMicrophoneUsageDescription = "O garime usa o microfone para ditar mensagens ao agente.";
				INFOPLIST_KEY_NSRemindersFullAccessUsageDescription = "Geo reads and completes the reminders your Mac mirrors here.";
				INFOPLIST_KEY_NSSpeechRecognitionUsageDescription = "A fala vira texto no próprio iPhone para você revisar antes de enviar.";
				INFOPLIST_KEY_UIApplicationSceneManifest_Generation = YES;
				INFOPLIST_KEY_UILaunchScreen_Generation = YES;
				INFOPLIST_KEY_UISupportedInterfaceOrientations = "UIInterfaceOrientationPortrait UIInterfaceOrientationLandscapeLeft UIInterfaceOrientationLandscapeRight";
				IPHONEOS_DEPLOYMENT_TARGET = 17.0;
				LD_RUNPATH_SEARCH_PATHS = "$(inherited) @executable_path/Frameworks";
				PRODUCT_BUNDLE_IDENTIFIER = com.gabrielmendonca.garime;
				PRODUCT_NAME = "$(TARGET_NAME)";
				SDKROOT = iphoneos;
				SWIFT_VERSION = 5.9;
				TARGETED_DEVICE_FAMILY = 1;
			};
			name = Debug;
		};
		381A62B3C0330B3F2C34F706 /* Debug */ = {
			isa = XCBuildConfiguration;
			buildSettings = {
				BUNDLE_LOADER = "$(TEST_HOST)";
				CLANG_ENABLE_OBJC_WEAK = NO;
				GENERATE_INFOPLIST_FILE = YES;
				IPHONEOS_DEPLOYMENT_TARGET = 17.0;
				PRODUCT_BUNDLE_IDENTIFIER = com.gabrielmendonca.garime.tests;
				SDKROOT = iphoneos;
				SWIFT_VERSION = 5.9;
				TARGETED_DEVICE_FAMILY = 1;
				TEST_HOST = "$(BUILT_PRODUCTS_DIR)/Garime.app/$(BUNDLE_EXECUTABLE_FOLDER_PATH)/Garime";
			};
			name = Debug;
		};
		55E382A3DEA655C0894F5E6F /* Debug */ = {
			isa = XCBuildConfiguration;
			buildSettings = {
				ALWAYS_SEARCH_USER_PATHS = NO;
				CLANG_ANALYZER_NONNULL = YES;
				CLANG_ANALYZER_NUMBER_OBJECT_CONVERSION = YES_AGGRESSIVE;
				CLANG_CXX_LANGUAGE_STANDARD = "gnu++14";
				CLANG_CXX_LIBRARY = "libc++";
				CLANG_ENABLE_MODULES = YES;
				CLANG_ENABLE_OBJC_ARC = YES;
				CLANG_ENABLE_OBJC_WEAK = YES;
				CLANG_WARN_BLOCK_CAPTURE_AUTORELEASING = YES;
				CLANG_WARN_BOOL_CONVERSION = YES;
				CLANG_WARN_COMMA = YES;
				CLANG_WARN_CONSTANT_CONVERSION = YES;
				CLANG_WARN_DEPRECATED_OBJC_IMPLEMENTATIONS = YES;
				CLANG_WARN_DIRECT_OBJC_ISA_USAGE = YES_ERROR;
				CLANG_WARN_DOCUMENTATION_COMMENTS = YES;
				CLANG_WARN_EMPTY_BODY = YES;
				CLANG_WARN_ENUM_CONVERSION = YES;
				CLANG_WARN_INFINITE_RECURSION = YES;
				CLANG_WARN_INT_CONVERSION = YES;
				CLANG_WARN_NON_LITERAL_NULL_CONVERSION = YES;
				CLANG_WARN_OBJC_IMPLICIT_RETAIN_SELF = YES;
				CLANG_WARN_OBJC_LITERAL_CONVERSION = YES;
				CLANG_WARN_OBJC_ROOT_CLASS = YES_ERROR;
				CLANG_WARN_QUOTED_INCLUDE_IN_FRAMEWORK_HEADER = YES;
				CLANG_WARN_RANGE_LOOP_ANALYSIS = YES;
				CLANG_WARN_STRICT_PROTOTYPES = YES;
				CLANG_WARN_SUSPICIOUS_MOVE = YES;
				CLANG_WARN_UNGUARDED_AVAILABILITY = YES_AGGRESSIVE;
				CLANG_WARN_UNREACHABLE_CODE = YES;
				CLANG_WARN__DUPLICATE_METHOD_MATCH = YES;
				COPY_PHASE_STRIP = NO;
				DEBUG_INFORMATION_FORMAT = dwarf;
				ENABLE_STRICT_OBJC_MSGSEND = YES;
				ENABLE_TESTABILITY = YES;
				GCC_C_LANGUAGE_STANDARD = gnu11;
				GCC_DYNAMIC_NO_PIC = NO;
				GCC_NO_COMMON_BLOCKS = YES;
				GCC_OPTIMIZATION_LEVEL = 0;
				GCC_PREPROCESSOR_DEFINITIONS = (
					"DEBUG=1",
					"$(inherited)",
				);
				GCC_WARN_64_TO_32_BIT_CONVERSION = YES;
				GCC_WARN_ABOUT_RETURN_TYPE = YES_ERROR;
				GCC_WARN_UNDECLARED_SELECTOR = YES;
				GCC_WARN_UNINITIALIZED_AUTOS = YES_AGGRESSIVE;
				GCC_WARN_UNUSED_FUNCTION = YES;
				GCC_WARN_UNUSED_VARIABLE = YES;
				MTL_ENABLE_DEBUG_INFO = INCLUDE_SOURCE;
				MTL_FAST_MATH = YES;
				ONLY_ACTIVE_ARCH = YES;
				PRODUCT_NAME = "$(TARGET_NAME)";
				SWIFT_ACTIVE_COMPILATION_CONDITIONS = DEBUG;
				SWIFT_OPTIMIZATION_LEVEL = "-Onone";
				SWIFT_VERSION = 5.0;
			};
			name = Debug;
		};
		72FA2615DC2AEE7DEC4A89BC /* Release */ = {
			isa = XCBuildConfiguration;
			buildSettings = {
				BUNDLE_LOADER = "$(TEST_HOST)";
				CLANG_ENABLE_OBJC_WEAK = NO;
				GENERATE_INFOPLIST_FILE = YES;
				IPHONEOS_DEPLOYMENT_TARGET = 17.0;
				PRODUCT_BUNDLE_IDENTIFIER = com.gabrielmendonca.garime.tests;
				SDKROOT = iphoneos;
				SWIFT_VERSION = 5.9;
				TARGETED_DEVICE_FAMILY = 1;
				TEST_HOST = "$(BUILT_PRODUCTS_DIR)/Garime.app/$(BUNDLE_EXECUTABLE_FOLDER_PATH)/Garime";
				VALIDATE_PRODUCT = YES;
			};
			name = Release;
		};
		8E7EF1781CA922DE83BE5ABC /* Release */ = {
			isa = XCBuildConfiguration;
			buildSettings = {
				ALWAYS_SEARCH_USER_PATHS = NO;
				CLANG_ANALYZER_NONNULL = YES;
				CLANG_ANALYZER_NUMBER_OBJECT_CONVERSION = YES_AGGRESSIVE;
				CLANG_CXX_LANGUAGE_STANDARD = "gnu++14";
				CLANG_CXX_LIBRARY = "libc++";
				CLANG_ENABLE_MODULES = YES;
				CLANG_ENABLE_OBJC_ARC = YES;
				CLANG_ENABLE_OBJC_WEAK = YES;
				CLANG_WARN_BLOCK_CAPTURE_AUTORELEASING = YES;
				CLANG_WARN_BOOL_CONVERSION = YES;
				CLANG_WARN_COMMA = YES;
				CLANG_WARN_CONSTANT_CONVERSION = YES;
				CLANG_WARN_DEPRECATED_OBJC_IMPLEMENTATIONS = YES;
				CLANG_WARN_DIRECT_OBJC_ISA_USAGE = YES_ERROR;
				CLANG_WARN_DOCUMENTATION_COMMENTS = YES;
				CLANG_WARN_EMPTY_BODY = YES;
				CLANG_WARN_ENUM_CONVERSION = YES;
				CLANG_WARN_INFINITE_RECURSION = YES;
				CLANG_WARN_INT_CONVERSION = YES;
				CLANG_WARN_NON_LITERAL_NULL_CONVERSION = YES;
				CLANG_WARN_OBJC_IMPLICIT_RETAIN_SELF = YES;
				CLANG_WARN_OBJC_LITERAL_CONVERSION = YES;
				CLANG_WARN_OBJC_ROOT_CLASS = YES_ERROR;
				CLANG_WARN_QUOTED_INCLUDE_IN_FRAMEWORK_HEADER = YES;
				CLANG_WARN_RANGE_LOOP_ANALYSIS = YES;
				CLANG_WARN_STRICT_PROTOTYPES = YES;
				CLANG_WARN_SUSPICIOUS_MOVE = YES;
				CLANG_WARN_UNGUARDED_AVAILABILITY = YES_AGGRESSIVE;
				CLANG_WARN_UNREACHABLE_CODE = YES;
				CLANG_WARN__DUPLICATE_METHOD_MATCH = YES;
				COPY_PHASE_STRIP = NO;
				DEBUG_INFORMATION_FORMAT = "dwarf-with-dsym";
				ENABLE_NS_ASSERTIONS = NO;
				ENABLE_STRICT_OBJC_MSGSEND = YES;
				GCC_C_LANGUAGE_STANDARD = gnu11;
				GCC_NO_COMMON_BLOCKS = YES;
				GCC_WARN_64_TO_32_BIT_CONVERSION = YES;
				GCC_WARN_ABOUT_RETURN_TYPE = YES_ERROR;
				GCC_WARN_UNDECLARED_SELECTOR = YES;
				GCC_WARN_UNINITIALIZED_AUTOS = YES_AGGRESSIVE;
				GCC_WARN_UNUSED_FUNCTION = YES;
				GCC_WARN_UNUSED_VARIABLE = YES;
				MTL_ENABLE_DEBUG_INFO = NO;
				MTL_FAST_MATH = YES;
				PRODUCT_NAME = "$(TARGET_NAME)";
				SWIFT_COMPILATION_MODE = wholemodule;
				SWIFT_OPTIMIZATION_LEVEL = "-O";
				SWIFT_VERSION = 5.0;
			};
			name = Release;
		};
		8FC3243CAE0695225684E4D8 /* Release */ = {
			isa = XCBuildConfiguration;
			buildSettings = {
				ASSETCATALOG_COMPILER_APPICON_NAME = AppIcon;
				ASSETCATALOG_COMPILER_GLOBAL_ACCENT_COLOR_NAME = AccentColor;
				CLANG_ENABLE_OBJC_WEAK = NO;
				CODE_SIGN_STYLE = Automatic;
				DEVELOPMENT_TEAM = 6RRNRWCXSD;
				ENABLE_PREVIEWS = YES;
				GENERATE_INFOPLIST_FILE = YES;
				INFOPLIST_FILE = Garime/Info.plist;
				INFOPLIST_KEY_CFBundleDisplayName = garime;
				INFOPLIST_KEY_NSCalendarsFullAccessUsageDescription = "Geo shows your calendar events in the day agenda.";
				INFOPLIST_KEY_NSCameraUsageDescription = "O garime usa a câmera para você fotografar e mandar pro agente.";
				INFOPLIST_KEY_NSMicrophoneUsageDescription = "O garime usa o microfone para ditar mensagens ao agente.";
				INFOPLIST_KEY_NSRemindersFullAccessUsageDescription = "Geo reads and completes the reminders your Mac mirrors here.";
				INFOPLIST_KEY_NSSpeechRecognitionUsageDescription = "A fala vira texto no próprio iPhone para você revisar antes de enviar.";
				INFOPLIST_KEY_UIApplicationSceneManifest_Generation = YES;
				INFOPLIST_KEY_UILaunchScreen_Generation = YES;
				INFOPLIST_KEY_UISupportedInterfaceOrientations = "UIInterfaceOrientationPortrait UIInterfaceOrientationLandscapeLeft UIInterfaceOrientationLandscapeRight";
				IPHONEOS_DEPLOYMENT_TARGET = 17.0;
				LD_RUNPATH_SEARCH_PATHS = "$(inherited) @executable_path/Frameworks";
				PRODUCT_BUNDLE_IDENTIFIER = com.gabrielmendonca.garime;
				PRODUCT_NAME = "$(TARGET_NAME)";
				SDKROOT = iphoneos;
				SWIFT_VERSION = 5.9;
				TARGETED_DEVICE_FAMILY = 1;
				VALIDATE_PRODUCT = YES;
			};
			name = Release;
		};
		C938554D716FF0B17A9AC81C /* Release */ = {
			isa = XCBuildConfiguration;
			buildSettings = {
				CLANG_ENABLE_OBJC_WEAK = NO;
				GENERATE_INFOPLIST_FILE = YES;
				IPHONEOS_DEPLOYMENT_TARGET = 17.0;
				PRODUCT_BUNDLE_IDENTIFIER = com.gabrielmendonca.garime.uitests;
				SDKROOT = iphoneos;
				SWIFT_VERSION = 5.9;
				TARGETED_DEVICE_FAMILY = 1;
				TEST_TARGET_NAME = Garime;
				VALIDATE_PRODUCT = YES;
			};
			name = Release;
		};
		DD017775C6248A51CFCAD7F5 /* Debug */ = {
			isa = XCBuildConfiguration;
			buildSettings = {
				CLANG_ENABLE_OBJC_WEAK = NO;
				GENERATE_INFOPLIST_FILE = YES;
				IPHONEOS_DEPLOYMENT_TARGET = 17.0;
				PRODUCT_BUNDLE_IDENTIFIER = com.gabrielmendonca.garime.uitests;
				SDKROOT = iphoneos;
				SWIFT_VERSION = 5.9;
				TARGETED_DEVICE_FAMILY = 1;
				TEST_TARGET_NAME = Garime;
			};
			name = Debug;
		};
/* End XCBuildConfiguration section */

/* Begin XCConfigurationList section */
		65A0EE3B935C694E3EB26B3D /* Build configuration list for PBXNativeTarget "Garime" */ = {
			isa = XCConfigurationList;
			buildConfigurations = (
				8FC3243CAE0695225684E4D8 /* Release */,
				292DC910E26E8D7DF535A3A7 /* Debug */,
			);
			defaultConfigurationIsVisible = 0;
			defaultConfigurationName = Release;
		};
		6D0999480F06BA1FFB8307FF /* Build configuration list for PBXNativeTarget "GarimeUITests" */ = {
			isa = XCConfigurationList;
			buildConfigurations = (
				C938554D716FF0B17A9AC81C /* Release */,
				DD017775C6248A51CFCAD7F5 /* Debug */,
			);
			defaultConfigurationIsVisible = 0;
			defaultConfigurationName = Release;
		};
		AFDAE3BCE7511AC810C99732 /* Build configuration list for PBXNativeTarget "GarimeTests" */ = {
			isa = XCConfigurationList;
			buildConfigurations = (
				72FA2615DC2AEE7DEC4A89BC /* Release */,
				381A62B3C0330B3F2C34F706 /* Debug */,
			);
			defaultConfigurationIsVisible = 0;
			defaultConfigurationName = Release;
		};
		B488277FC6A4A9A5FF8F0E42 /* Build configuration list for PBXProject "Garime" */ = {
			isa = XCConfigurationList;
			buildConfigurations = (
				55E382A3DEA655C0894F5E6F /* Debug */,
				8E7EF1781CA922DE83BE5ABC /* Release */,
			);
			defaultConfigurationIsVisible = 0;
			defaultConfigurationName = Release;
		};
/* End XCConfigurationList section */

/* Begin XCLocalSwiftPackageReference section */
		C5BBCF54A2B176606E2287AB /* XCLocalSwiftPackageReference "GeoCore" */ = {
			isa = XCLocalSwiftPackageReference;
			relativePath = ../GeoCore;
		};
/* End XCLocalSwiftPackageReference section */

/* Begin XCRemoteSwiftPackageReference section */
		B79B6F085D877889515EEFAB /* XCRemoteSwiftPackageReference "SwiftTerm" */ = {
			isa = XCRemoteSwiftPackageReference;
			repositoryURL = "https://github.com/migueldeicaza/SwiftTerm";
			requirement = {
				kind = upToNextMajorVersion;
				minimumVersion = 1.13.0;
			};
		};
/* End XCRemoteSwiftPackageReference section */

/* Begin XCSwiftPackageProductDependency section */
		44F662D1F6BB045F5C795E3C /* GeoCore */ = {
			isa = XCSwiftPackageProductDependency;
			package = C5BBCF54A2B176606E2287AB /* XCLocalSwiftPackageReference "GeoCore" */;
			productName = GeoCore;
		};
		A87B23D35747619C792EDEFA /* SwiftTerm */ = {
			isa = XCSwiftPackageProductDependency;
			package = B79B6F085D877889515EEFAB /* XCRemoteSwiftPackageReference "SwiftTerm" */;
			productName = SwiftTerm;
		};
/* End XCSwiftPackageProductDependency section */
	};
	rootObject = 9721694998C85DA88444536E /* Project object */;
}
